// !$*UTF8*$!
{
	archiveVersion = 1;
	classes = {
	};
	objectVersion = 46;
	objects = {

/* Begin PBXAggregateTarget section */
		61DB841010BEABCF003F73B9 /* Build Distribution */ = {
			isa = PBXAggregateTarget;
			buildConfigurationList = 61DB842F10BEABDF003F73B9 /* Build configuration list for PBXAggregateTarget "Build Distribution" */;
			buildPhases = (
				61DB840F10BEABCF003F73B9 /* Make Dist */,
			);
			dependencies = (
				61DB841410BEABD4003F73B9 /* PBXTargetDependency */,
			);
			name = "Build Distribution";
			productName = "Build Distribution";
		};
/* End PBXAggregateTarget section */

/* Begin PBXBuildFile section */
		2A263141188CF4B2000B792A /* __init__.py in Copy nodebox.graphics.colors */ = {isa = PBXBuildFile; fileRef = 2A4812EA188CF45800B47700 /* __init__.py */; };
		2A263143188CF4B7000B792A /* context.json in Copy nodebox.graphics.colors */ = {isa = PBXBuildFile; fileRef = 2A4812ED188CF45800B47700 /* context.json */; };
		2A263144188CF4B9000B792A /* LICENSE.txt in Copy nodebox.graphics.colors */ = {isa = PBXBuildFile; fileRef = 2A4812EE188CF45800B47700 /* LICENSE.txt */; };
		2A263145188CF4BC000B792A /* themes.py in Copy nodebox.graphics.colors */ = {isa = PBXBuildFile; fileRef = 2A4812F0188CF45800B47700 /* themes.py */; };
		2A263149188E0D92000B792A /* default.themes in Copy nodebox.graphics.colors */ = {isa = PBXBuildFile; fileRef = 2A263148188E0D87000B792A /* default.themes */; };
		2A294461185E54F600E9F650 /* export.py in Copy nodebox.run */ = {isa = PBXBuildFile; fileRef = 2A294459185E539400E9F650 /* export.py */; };
		2A294462185E54F900E9F650 /* task.py in Copy nodebox.run */ = {isa = PBXBuildFile; fileRef = 2A29445A185E539400E9F650 /* task.py */; };
		2A294463185E550400E9F650 /* __init__.py in Copy nodebox.run */ = {isa = PBXBuildFile; fileRef = 2A294458185E539400E9F650 /* __init__.py */; };
		2A294474185E578300E9F650 /* __init__.py in Copy nodebox.gui */ = {isa = PBXBuildFile; fileRef = 2A294464185E575F00E9F650 /* __init__.py */; };
		2A294477185E578300E9F650 /* document.py in Copy nodebox.gui */ = {isa = PBXBuildFile; fileRef = 2A294467185E575F00E9F650 /* document.py */; };
		2A294478185E578300E9F650 /* preferences.py in Copy nodebox.gui */ = {isa = PBXBuildFile; fileRef = 2A294468185E575F00E9F650 /* preferences.py */; };
		2A294480185E596200E9F650 /* context.py in Copy nodebox.graphics */ = {isa = PBXBuildFile; fileRef = 2A29447C185E595000E9F650 /* context.py */; };
		2A294481185E596800E9F650 /* grobs.py in Copy nodebox.graphics */ = {isa = PBXBuildFile; fileRef = 2A29447D185E595000E9F650 /* grobs.py */; };
		2A294484185E617900E9F650 /* NodeBox Help in Resources */ = {isa = PBXBuildFile; fileRef = 2A294482185E617900E9F650 /* NodeBox Help */; };
		2A3DB1F7187E85190062635B /* script.py in Copy nodebox root */ = {isa = PBXBuildFile; fileRef = 2A3DB1F5187E85130062635B /* script.py */; };
		2A4812E71884AF3B00B47700 /* fsevents.py in Copy nodebox.util */ = {isa = PBXBuildFile; fileRef = 2A4812E51884AF3100B47700 /* fsevents.py */; };
		2A591FF0185C17D200D1833D /* Security.framework in Frameworks */ = {isa = PBXBuildFile; fileRef = 2A591FEF185C17D200D1833D /* Security.framework */; };
		2AA40EBF184BF9CB00981ADC /* libpython2.7.dylib in Frameworks */ = {isa = PBXBuildFile; fileRef = 2AA40EBE184BF9CB00981ADC /* libpython2.7.dylib */; };
		2ABBB2FA1854018B001C4E0A /* AVFoundation.framework in Frameworks */ = {isa = PBXBuildFile; fileRef = 2ABBB2F91854018B001C4E0A /* AVFoundation.framework */; };
		2ABBB2FC18540246001C4E0A /* CoreVideo.framework in Frameworks */ = {isa = PBXBuildFile; fileRef = 2ABBB2FB18540246001C4E0A /* CoreVideo.framework */; };
		2ABBB2FE185402AC001C4E0A /* CoreMedia.framework in Frameworks */ = {isa = PBXBuildFile; fileRef = 2ABBB2FD185402AC001C4E0A /* CoreMedia.framework */; };
		2ABDB76B1867D8160069EFC3 /* main.m in Sources */ = {isa = PBXBuildFile; fileRef = 2ABDB7681867D8160069EFC3 /* main.m */; };
		2ABDB76E1867D8BB0069EFC3 /* nodebox-app.py in Resources */ = {isa = PBXBuildFile; fileRef = 2ABDB7671867D8160069EFC3 /* nodebox-app.py */; };
		2ABDB7741867D9970069EFC3 /* nodebox in Copy nodebox tool */ = {isa = PBXBuildFile; fileRef = 2ABDB7721867D9920069EFC3 /* nodebox */; };
		2ABDB7791867EB5B0069EFC3 /* app.py in Copy nodebox.gui */ = {isa = PBXBuildFile; fileRef = 2ABDB7751867EB520069EFC3 /* app.py */; };
		2ABDB77A1867EB5E0069EFC3 /* views.py in Copy nodebox.gui */ = {isa = PBXBuildFile; fileRef = 2ABDB7761867EB520069EFC3 /* views.py */; };
		2AC5188118636CAF007FB066 /* sandbox.py in Copy nodebox.run */ = {isa = PBXBuildFile; fileRef = 2AC5187F18636C9F007FB066 /* sandbox.py */; };
		2AE5AD2B186236C400CCDD45 /* editor.py in Copy nodebox.gui */ = {isa = PBXBuildFile; fileRef = 2AE5AD291862366300CCDD45 /* editor.py */; };
		2AE5AD2E1862387200CCDD45 /* widgets.py in Copy nodebox.gui */ = {isa = PBXBuildFile; fileRef = 2AE5AD2C1862386400CCDD45 /* widgets.py */; };
		2AE5AD80186249F300CCDD45 /* listener.py in Copy nodebox.run */ = {isa = PBXBuildFile; fileRef = 2AE5AD7E186249E100CCDD45 /* listener.py */; };
		611CC49810BA8B9E00B55455 /* Credits.rtf in Resources */ = {isa = PBXBuildFile; fileRef = 611CC48110BA8B9E00B55455 /* Credits.rtf */; };
		611CC49C10BA8B9E00B55455 /* InfoPlist.strings in Resources */ = {isa = PBXBuildFile; fileRef = 611CC48910BA8B9E00B55455 /* InfoPlist.strings */; };
		611CC4A110BA8B9E00B55455 /* NodeBox.icns in Resources */ = {isa = PBXBuildFile; fileRef = 611CC49310BA8B9E00B55455 /* NodeBox.icns */; };
		611CC4A210BA8B9E00B55455 /* NodeBoxFile.icns in Resources */ = {isa = PBXBuildFile; fileRef = 611CC49410BA8B9E00B55455 /* NodeBoxFile.icns */; };
		611CC52F10BA8DDF00B55455 /* __init__.py in Copy nodebox root */ = {isa = PBXBuildFile; fileRef = 611CC4AF10BA8C1B00B55455 /* __init__.py */; };
		611CC57910BA8FA800B55455 /* __init__.py in Copy nodebox.util */ = {isa = PBXBuildFile; fileRef = 611CC4D710BA8C1B00B55455 /* __init__.py */; };
		611CC57A10BA8FA800B55455 /* kgp.py in Copy nodebox.util */ = {isa = PBXBuildFile; fileRef = 611CC4D910BA8C1B00B55455 /* kgp.py */; };
		611CC57B10BA8FA800B55455 /* ottobot.py in Copy nodebox.util */ = {isa = PBXBuildFile; fileRef = 611CC4DA10BA8C1B00B55455 /* ottobot.py */; };
		611CC57D10BA8FA800B55455 /* PyFontify.py in Copy nodebox.util */ = {isa = PBXBuildFile; fileRef = 611CC4DC10BA8C1B00B55455 /* PyFontify.py */; };
		611CC58110BA8FA800B55455 /* vdiff.py in Copy nodebox.util */ = {isa = PBXBuildFile; fileRef = 611CC4E010BA8C1B00B55455 /* vdiff.py */; };
		611CC58310BA8FD700B55455 /* __init__.py in Copy nodebox.graphics */ = {isa = PBXBuildFile; fileRef = 611CC4BE10BA8C1B00B55455 /* __init__.py */; };
		611CC58410BA8FD700B55455 /* bezier.py in Copy nodebox.graphics */ = {isa = PBXBuildFile; fileRef = 611CC4C010BA8C1B00B55455 /* bezier.py */; };
		611CC58910BA8FF000B55455 /* __init__.py in Copy nodebox.geo */ = {isa = PBXBuildFile; fileRef = 611CC4BB10BA8C1B00B55455 /* __init__.py */; };
		611CC58A10BA8FF000B55455 /* pathmatics.py in Copy nodebox.geo */ = {isa = PBXBuildFile; fileRef = 611CC4BC10BA8C1B00B55455 /* pathmatics.py */; };
		611CC5A010BA908C00B55455 /* NodeBoxDocument.xib in Resources */ = {isa = PBXBuildFile; fileRef = 611CC59E10BA908C00B55455 /* NodeBoxDocument.xib */; };
		611CC5A810BA919A00B55455 /* NodeBoxPreferences.xib in Resources */ = {isa = PBXBuildFile; fileRef = 611CC5A610BA919A00B55455 /* NodeBoxPreferences.xib */; };
		611CC68010BAA08300B55455 /* MainMenu.xib in Resources */ = {isa = PBXBuildFile; fileRef = 611CC67E10BAA08300B55455 /* MainMenu.xib */; };
		611CC68710BAA0A600B55455 /* AskString.xib in Resources */ = {isa = PBXBuildFile; fileRef = 611CC68510BAA0A600B55455 /* AskString.xib */; };
		6155D9F413E2B79E00675A92 /* CHANGES.md in Resources */ = {isa = PBXBuildFile; fileRef = 6155D9F213E2B79E00675A92 /* CHANGES.md */; };
		6155D9F513E2B79E00675A92 /* README.md in Resources */ = {isa = PBXBuildFile; fileRef = 6155D9F313E2B79E00675A92 /* README.md */; };
		8D15AC340486D014006FF6A4 /* Cocoa.framework in Frameworks */ = {isa = PBXBuildFile; fileRef = 1058C7A7FEA54F5311CA2CBB /* Cocoa.framework */; };
/* End PBXBuildFile section */

/* Begin PBXContainerItemProxy section */
		61DB841310BEABD4003F73B9 /* PBXContainerItemProxy */ = {
			isa = PBXContainerItemProxy;
			containerPortal = 2A37F4A9FDCFA73011CA2CEA /* Project object */;
			proxyType = 1;
			remoteGlobalIDString = 8D15AC270486D014006FF6A4;
			remoteInfo = NodeBox;
		};
		61EB1E3313E2C6E6002641C0 /* PBXContainerItemProxy */ = {
			isa = PBXContainerItemProxy;
			containerPortal = 2A37F4A9FDCFA73011CA2CEA /* Project object */;
			proxyType = 1;
			remoteGlobalIDString = 61FFC03810BAD90D009AF371;
			remoteInfo = "Build Extensions";
		};
/* End PBXContainerItemProxy section */

/* Begin PBXCopyFilesBuildPhase section */
		2A29445E185E54C200E9F650 /* Copy nodebox.run */ = {
			isa = PBXCopyFilesBuildPhase;
			buildActionMask = 2147483647;
			dstPath = python/nodebox/run;
			dstSubfolderSpec = 7;
			files = (
				2A294463185E550400E9F650 /* __init__.py in Copy nodebox.run */,
				2AC5188118636CAF007FB066 /* sandbox.py in Copy nodebox.run */,
				2AE5AD80186249F300CCDD45 /* listener.py in Copy nodebox.run */,
				2A294462185E54F900E9F650 /* task.py in Copy nodebox.run */,
				2A294461185E54F600E9F650 /* export.py in Copy nodebox.run */,
			);
			name = "Copy nodebox.run";
			runOnlyForDeploymentPostprocessing = 0;
		};
		2A4812E8188CF43500B47700 /* Copy nodebox.graphics.colors */ = {
			isa = PBXCopyFilesBuildPhase;
			buildActionMask = 2147483647;
			dstPath = python/nodebox/graphics/colors;
			dstSubfolderSpec = 7;
			files = (
				2A263141188CF4B2000B792A /* __init__.py in Copy nodebox.graphics.colors */,
				2A263145188CF4BC000B792A /* themes.py in Copy nodebox.graphics.colors */,
				2A263149188E0D92000B792A /* default.themes in Copy nodebox.graphics.colors */,
				2A263143188CF4B7000B792A /* context.json in Copy nodebox.graphics.colors */,
				2A263144188CF4B9000B792A /* LICENSE.txt in Copy nodebox.graphics.colors */,
			);
			name = "Copy nodebox.graphics.colors";
			runOnlyForDeploymentPostprocessing = 0;
		};
		2ABDB76F1867D9560069EFC3 /* Copy nodebox tool */ = {
			isa = PBXCopyFilesBuildPhase;
			buildActionMask = 2147483647;
			dstPath = "";
			dstSubfolderSpec = 12;
			files = (
				2ABDB7741867D9970069EFC3 /* nodebox in Copy nodebox tool */,
			);
			name = "Copy nodebox tool";
			runOnlyForDeploymentPostprocessing = 0;
		};
		611CC53110BA8E0000B55455 /* Copy nodebox root */ = {
			isa = PBXCopyFilesBuildPhase;
			buildActionMask = 2147483647;
			dstPath = python/nodebox;
			dstSubfolderSpec = 7;
			files = (
				611CC52F10BA8DDF00B55455 /* __init__.py in Copy nodebox root */,
				2A3DB1F7187E85190062635B /* script.py in Copy nodebox root */,
			);
			name = "Copy nodebox root";
			runOnlyForDeploymentPostprocessing = 0;
		};
		611CC55010BA8E4900B55455 /* Copy nodebox.gui */ = {
			isa = PBXCopyFilesBuildPhase;
			buildActionMask = 2147483647;
			dstPath = python/nodebox/gui;
			dstSubfolderSpec = 7;
			files = (
				2A294474185E578300E9F650 /* __init__.py in Copy nodebox.gui */,
				2ABDB7791867EB5B0069EFC3 /* app.py in Copy nodebox.gui */,
				2ABDB77A1867EB5E0069EFC3 /* views.py in Copy nodebox.gui */,
				2A294477185E578300E9F650 /* document.py in Copy nodebox.gui */,
				2AE5AD2B186236C400CCDD45 /* editor.py in Copy nodebox.gui */,
				2A294478185E578300E9F650 /* preferences.py in Copy nodebox.gui */,
				2AE5AD2E1862387200CCDD45 /* widgets.py in Copy nodebox.gui */,
			);
			name = "Copy nodebox.gui";
			runOnlyForDeploymentPostprocessing = 0;
		};
		611CC59610BA901100B55455 /* Copy nodebox.util */ = {
			isa = PBXCopyFilesBuildPhase;
			buildActionMask = 2147483647;
			dstPath = python/nodebox/util;
			dstSubfolderSpec = 7;
			files = (
				611CC57910BA8FA800B55455 /* __init__.py in Copy nodebox.util */,
				611CC57A10BA8FA800B55455 /* kgp.py in Copy nodebox.util */,
				611CC57B10BA8FA800B55455 /* ottobot.py in Copy nodebox.util */,
				611CC57D10BA8FA800B55455 /* PyFontify.py in Copy nodebox.util */,
				611CC58110BA8FA800B55455 /* vdiff.py in Copy nodebox.util */,
				2A4812E71884AF3B00B47700 /* fsevents.py in Copy nodebox.util */,
			);
			name = "Copy nodebox.util";
			runOnlyForDeploymentPostprocessing = 0;
		};
		611CC59710BA901100B55455 /* Copy nodebox.graphics */ = {
			isa = PBXCopyFilesBuildPhase;
			buildActionMask = 2147483647;
			dstPath = python/nodebox/graphics;
			dstSubfolderSpec = 7;
			files = (
				611CC58310BA8FD700B55455 /* __init__.py in Copy nodebox.graphics */,
				611CC58410BA8FD700B55455 /* bezier.py in Copy nodebox.graphics */,
				2A294480185E596200E9F650 /* context.py in Copy nodebox.graphics */,
				2A294481185E596800E9F650 /* grobs.py in Copy nodebox.graphics */,
			);
			name = "Copy nodebox.graphics";
			runOnlyForDeploymentPostprocessing = 0;
		};
		611CC59810BA901100B55455 /* Copy nodebox.geo */ = {
			isa = PBXCopyFilesBuildPhase;
			buildActionMask = 2147483647;
			dstPath = python/nodebox/geo;
			dstSubfolderSpec = 7;
			files = (
				611CC58910BA8FF000B55455 /* __init__.py in Copy nodebox.geo */,
				611CC58A10BA8FF000B55455 /* pathmatics.py in Copy nodebox.geo */,
			);
			name = "Copy nodebox.geo";
			runOnlyForDeploymentPostprocessing = 0;
		};
/* End PBXCopyFilesBuildPhase section */

/* Begin PBXFileReference section */
		1058C7A7FEA54F5311CA2CBB /* Cocoa.framework */ = {isa = PBXFileReference; lastKnownFileType = wrapper.framework; name = Cocoa.framework; path = /System/Library/Frameworks/Cocoa.framework; sourceTree = "<absolute>"; };
		13E42FBA07B3F13500E4EEF1 /* CoreData.framework */ = {isa = PBXFileReference; lastKnownFileType = wrapper.framework; name = CoreData.framework; path = /System/Library/Frameworks/CoreData.framework; sourceTree = "<absolute>"; };
		2A263148188E0D87000B792A /* default.themes */ = {isa = PBXFileReference; lastKnownFileType = file; path = default.themes; sourceTree = "<group>"; };
		2A294458185E539400E9F650 /* __init__.py */ = {isa = PBXFileReference; fileEncoding = 4; lastKnownFileType = text.script.python; path = __init__.py; sourceTree = "<group>"; };
		2A294459185E539400E9F650 /* export.py */ = {isa = PBXFileReference; fileEncoding = 4; lastKnownFileType = text.script.python; path = export.py; sourceTree = "<group>"; };
		2A29445A185E539400E9F650 /* task.py */ = {isa = PBXFileReference; fileEncoding = 4; lastKnownFileType = text.script.python; path = task.py; sourceTree = "<group>"; };
		2A294464185E575F00E9F650 /* __init__.py */ = {isa = PBXFileReference; fileEncoding = 4; lastKnownFileType = text.script.python; path = __init__.py; sourceTree = "<group>"; };
		2A294467185E575F00E9F650 /* document.py */ = {isa = PBXFileReference; fileEncoding = 4; lastKnownFileType = text.script.python; path = document.py; sourceTree = "<group>"; };
		2A294468185E575F00E9F650 /* preferences.py */ = {isa = PBXFileReference; fileEncoding = 4; lastKnownFileType = text.script.python; path = preferences.py; sourceTree = "<group>"; };
		2A29447C185E595000E9F650 /* context.py */ = {isa = PBXFileReference; fileEncoding = 4; lastKnownFileType = text.script.python; path = context.py; sourceTree = "<group>"; };
		2A29447D185E595000E9F650 /* grobs.py */ = {isa = PBXFileReference; fileEncoding = 4; lastKnownFileType = text.script.python; path = grobs.py; sourceTree = "<group>"; };
		2A294483185E617900E9F650 /* English */ = {isa = PBXFileReference; lastKnownFileType = folder; name = English; path = "Resources/English.lproj/NodeBox Help"; sourceTree = "<group>"; };
		2A37F4C4FDCFA73011CA2CEA /* AppKit.framework */ = {isa = PBXFileReference; lastKnownFileType = wrapper.framework; name = AppKit.framework; path = /System/Library/Frameworks/AppKit.framework; sourceTree = "<absolute>"; };
		2A37F4C5FDCFA73011CA2CEA /* Foundation.framework */ = {isa = PBXFileReference; lastKnownFileType = wrapper.framework; name = Foundation.framework; path = /System/Library/Frameworks/Foundation.framework; sourceTree = "<absolute>"; };
		2A3DB1F5187E85130062635B /* script.py */ = {isa = PBXFileReference; fileEncoding = 4; lastKnownFileType = text.script.python; path = script.py; sourceTree = "<group>"; };
		2A4812E51884AF3100B47700 /* fsevents.py */ = {isa = PBXFileReference; fileEncoding = 4; lastKnownFileType = text.script.python; path = fsevents.py; sourceTree = "<group>"; };
		2A4812EA188CF45800B47700 /* __init__.py */ = {isa = PBXFileReference; fileEncoding = 4; lastKnownFileType = text.script.python; path = __init__.py; sourceTree = "<group>"; };
		2A4812ED188CF45800B47700 /* context.json */ = {isa = PBXFileReference; fileEncoding = 4; lastKnownFileType = text.json; path = context.json; sourceTree = "<group>"; };
		2A4812EE188CF45800B47700 /* LICENSE.txt */ = {isa = PBXFileReference; fileEncoding = 4; lastKnownFileType = text; path = LICENSE.txt; sourceTree = "<group>"; };
		2A4812F0188CF45800B47700 /* themes.py */ = {isa = PBXFileReference; fileEncoding = 4; lastKnownFileType = text.script.python; path = themes.py; sourceTree = "<group>"; };
		2A591FEF185C17D200D1833D /* Security.framework */ = {isa = PBXFileReference; lastKnownFileType = wrapper.framework; name = Security.framework; path = System/Library/Frameworks/Security.framework; sourceTree = SDKROOT; };
		2A827CC91859E9FE00A126BA /* Cocoa.framework */ = {isa = PBXFileReference; lastKnownFileType = wrapper.framework; name = Cocoa.framework; path = System/Library/Frameworks/Cocoa.framework; sourceTree = SDKROOT; };
		2AA40EBE184BF9CB00981ADC /* libpython2.7.dylib */ = {isa = PBXFileReference; lastKnownFileType = "compiled.mach-o.dylib"; name = libpython2.7.dylib; path = ../../../../../../usr/lib/libpython2.7.dylib; sourceTree = "<group>"; };
		2ABBB2F91854018B001C4E0A /* AVFoundation.framework */ = {isa = PBXFileReference; lastKnownFileType = wrapper.framework; name = AVFoundation.framework; path = System/Library/Frameworks/AVFoundation.framework; sourceTree = SDKROOT; };
		2ABBB2FB18540246001C4E0A /* CoreVideo.framework */ = {isa = PBXFileReference; lastKnownFileType = wrapper.framework; name = CoreVideo.framework; path = System/Library/Frameworks/CoreVideo.framework; sourceTree = SDKROOT; };
		2ABBB2FD185402AC001C4E0A /* CoreMedia.framework */ = {isa = PBXFileReference; lastKnownFileType = wrapper.framework; name = CoreMedia.framework; path = System/Library/Frameworks/CoreMedia.framework; sourceTree = SDKROOT; };
		2ABDB7671867D8160069EFC3 /* nodebox-app.py */ = {isa = PBXFileReference; fileEncoding = 4; lastKnownFileType = text.script.python; name = "nodebox-app.py"; path = "boot/nodebox-app.py"; sourceTree = "<group>"; };
		2ABDB7681867D8160069EFC3 /* main.m */ = {isa = PBXFileReference; fileEncoding = 4; lastKnownFileType = sourcecode.c.objc; name = main.m; path = boot/main.m; sourceTree = "<group>"; };
		2ABDB7691867D8160069EFC3 /* NodeBox_Prefix.pch */ = {isa = PBXFileReference; fileEncoding = 4; lastKnownFileType = sourcecode.c.h; name = NodeBox_Prefix.pch; path = boot/NodeBox_Prefix.pch; sourceTree = "<group>"; };
		2ABDB76C1867D8210069EFC3 /* NodeBox-Info.plist */ = {isa = PBXFileReference; fileEncoding = 4; lastKnownFileType = text.plist.xml; name = "NodeBox-Info.plist"; path = "boot/NodeBox-Info.plist"; sourceTree = "<group>"; };
		2ABDB7721867D9920069EFC3 /* nodebox */ = {isa = PBXFileReference; fileEncoding = 4; lastKnownFileType = text; name = nodebox; path = boot/nodebox; sourceTree = "<group>"; };
		2ABDB7751867EB520069EFC3 /* app.py */ = {isa = PBXFileReference; fileEncoding = 4; lastKnownFileType = text.script.python; path = app.py; sourceTree = "<group>"; };
		2ABDB7761867EB520069EFC3 /* views.py */ = {isa = PBXFileReference; fileEncoding = 4; lastKnownFileType = text.script.python; path = views.py; sourceTree = "<group>"; };
		2AC5187F18636C9F007FB066 /* sandbox.py */ = {isa = PBXFileReference; fileEncoding = 4; lastKnownFileType = text.script.python; path = sandbox.py; sourceTree = "<group>"; };
		2AD0A9B6186E552700D1F6DE /* English */ = {isa = PBXFileReference; lastKnownFileType = file.xib; name = English; path = Resources/English.lproj/NodeBoxScript.xib; sourceTree = "<group>"; };
		2AE5AD291862366300CCDD45 /* editor.py */ = {isa = PBXFileReference; fileEncoding = 4; lastKnownFileType = text.script.python; path = editor.py; sourceTree = "<group>"; };
		2AE5AD2C1862386400CCDD45 /* widgets.py */ = {isa = PBXFileReference; fileEncoding = 4; lastKnownFileType = text.script.python; path = widgets.py; sourceTree = "<group>"; };
		2AE5AD7E186249E100CCDD45 /* listener.py */ = {isa = PBXFileReference; fileEncoding = 4; lastKnownFileType = text.script.python; path = listener.py; sourceTree = "<group>"; };
		611CC48210BA8B9E00B55455 /* English */ = {isa = PBXFileReference; lastKnownFileType = text.rtf; name = English; path = English.lproj/Credits.rtf; sourceTree = "<group>"; };
		611CC48A10BA8B9E00B55455 /* English */ = {isa = PBXFileReference; fileEncoding = 4; lastKnownFileType = text.plist.strings; name = English; path = English.lproj/InfoPlist.strings; sourceTree = "<group>"; };
		611CC49310BA8B9E00B55455 /* NodeBox.icns */ = {isa = PBXFileReference; lastKnownFileType = image.icns; name = NodeBox.icns; path = Resources/NodeBox.icns; sourceTree = "<group>"; };
		611CC49410BA8B9E00B55455 /* NodeBoxFile.icns */ = {isa = PBXFileReference; lastKnownFileType = image.icns; name = NodeBoxFile.icns; path = Resources/NodeBoxFile.icns; sourceTree = "<group>"; };
		611CC4AF10BA8C1B00B55455 /* __init__.py */ = {isa = PBXFileReference; fileEncoding = 4; lastKnownFileType = text.script.python; path = __init__.py; sourceTree = "<group>"; };
		611CC4BB10BA8C1B00B55455 /* __init__.py */ = {isa = PBXFileReference; fileEncoding = 4; lastKnownFileType = text.script.python; path = __init__.py; sourceTree = "<group>"; };
		611CC4BC10BA8C1B00B55455 /* pathmatics.py */ = {isa = PBXFileReference; fileEncoding = 4; lastKnownFileType = text.script.python; path = pathmatics.py; sourceTree = "<group>"; };
		611CC4BE10BA8C1B00B55455 /* __init__.py */ = {isa = PBXFileReference; fileEncoding = 4; lastKnownFileType = text.script.python; path = __init__.py; sourceTree = "<group>"; };
		611CC4C010BA8C1B00B55455 /* bezier.py */ = {isa = PBXFileReference; fileEncoding = 4; lastKnownFileType = text.script.python; path = bezier.py; sourceTree = "<group>"; };
		611CC4D710BA8C1B00B55455 /* __init__.py */ = {isa = PBXFileReference; fileEncoding = 4; lastKnownFileType = text.script.python; path = __init__.py; sourceTree = "<group>"; };
		611CC4D910BA8C1B00B55455 /* kgp.py */ = {isa = PBXFileReference; fileEncoding = 4; lastKnownFileType = text.script.python; path = kgp.py; sourceTree = "<group>"; };
		611CC4DA10BA8C1B00B55455 /* ottobot.py */ = {isa = PBXFileReference; fileEncoding = 4; lastKnownFileType = text.script.python; path = ottobot.py; sourceTree = "<group>"; };
		611CC4DC10BA8C1B00B55455 /* PyFontify.py */ = {isa = PBXFileReference; fileEncoding = 4; lastKnownFileType = text.script.python; path = PyFontify.py; sourceTree = "<group>"; };
		611CC4E010BA8C1B00B55455 /* vdiff.py */ = {isa = PBXFileReference; fileEncoding = 4; lastKnownFileType = text.script.python; path = vdiff.py; sourceTree = "<group>"; };
		611CC59F10BA908C00B55455 /* English */ = {isa = PBXFileReference; lastKnownFileType = file.xib; name = English; path = Resources/English.lproj/NodeBoxDocument.xib; sourceTree = "<group>"; };
		611CC5A710BA919A00B55455 /* English */ = {isa = PBXFileReference; lastKnownFileType = file.xib; name = English; path = Resources/English.lproj/NodeBoxPreferences.xib; sourceTree = "<group>"; };
		611CC67F10BAA08300B55455 /* English */ = {isa = PBXFileReference; lastKnownFileType = file.xib; name = English; path = Resources/English.lproj/MainMenu.xib; sourceTree = "<group>"; };
		611CC68610BAA0A600B55455 /* English */ = {isa = PBXFileReference; lastKnownFileType = file.xib; name = English; path = Resources/English.lproj/AskString.xib; sourceTree = "<group>"; };
		612813B310BD2C9400B18218 /* libs */ = {isa = PBXFileReference; lastKnownFileType = folder; path = libs; sourceTree = "<group>"; };
		6155D9F213E2B79E00675A92 /* CHANGES.md */ = {isa = PBXFileReference; fileEncoding = 4; lastKnownFileType = text; path = CHANGES.md; sourceTree = "<group>"; };
		6155D9F313E2B79E00675A92 /* README.md */ = {isa = PBXFileReference; fileEncoding = 4; lastKnownFileType = text; path = README.md; sourceTree = "<group>"; };
		8D15AC370486D014006FF6A4 /* NodeBox.app */ = {isa = PBXFileReference; explicitFileType = wrapper.application; includeInIndex = 0; path = NodeBox.app; sourceTree = BUILT_PRODUCTS_DIR; };
/* End PBXFileReference section */

/* Begin PBXFrameworksBuildPhase section */
		8D15AC330486D014006FF6A4 /* Frameworks */ = {
			isa = PBXFrameworksBuildPhase;
			buildActionMask = 2147483647;
			files = (
				2AA40EBF184BF9CB00981ADC /* libpython2.7.dylib in Frameworks */,
				2A591FF0185C17D200D1833D /* Security.framework in Frameworks */,
				2ABBB2FC18540246001C4E0A /* CoreVideo.framework in Frameworks */,
				2ABBB2FE185402AC001C4E0A /* CoreMedia.framework in Frameworks */,
				2ABBB2FA1854018B001C4E0A /* AVFoundation.framework in Frameworks */,
				8D15AC340486D014006FF6A4 /* Cocoa.framework in Frameworks */,
			);
			runOnlyForDeploymentPostprocessing = 0;
		};
/* End PBXFrameworksBuildPhase section */

/* Begin PBXGroup section */
		1058C7A6FEA54F5311CA2CBB /* Linked Frameworks */ = {
			isa = PBXGroup;
			children = (
				2AA40EBE184BF9CB00981ADC /* libpython2.7.dylib */,
				1058C7A7FEA54F5311CA2CBB /* Cocoa.framework */,
			);
			name = "Linked Frameworks";
			sourceTree = "<group>";
		};
		1058C7A8FEA54F5311CA2CBB /* Other Frameworks */ = {
			isa = PBXGroup;
			children = (
				2A37F4C4FDCFA73011CA2CEA /* AppKit.framework */,
				13E42FBA07B3F13500E4EEF1 /* CoreData.framework */,
				2A37F4C5FDCFA73011CA2CEA /* Foundation.framework */,
			);
			name = "Other Frameworks";
			sourceTree = "<group>";
		};
		19C28FB0FE9D524F11CA2CBB /* Products */ = {
			isa = PBXGroup;
			children = (
				8D15AC370486D014006FF6A4 /* NodeBox.app */,
			);
			name = Products;
			sourceTree = "<group>";
		};
		2A294457185E539400E9F650 /* run */ = {
			isa = PBXGroup;
			children = (
				2A294458185E539400E9F650 /* __init__.py */,
				2AC5187F18636C9F007FB066 /* sandbox.py */,
				2A294459185E539400E9F650 /* export.py */,
				2A29445A185E539400E9F650 /* task.py */,
				2AE5AD7E186249E100CCDD45 /* listener.py */,
			);
			path = run;
			sourceTree = "<group>";
		};
		2A37F4AAFDCFA73011CA2CEA /* NodeBox */ = {
			isa = PBXGroup;
			children = (
				6155D9F213E2B79E00675A92 /* CHANGES.md */,
				6155D9F313E2B79E00675A92 /* README.md */,
				611CC4AE10BA8C1B00B55455 /* nodebox */,
				2A37F4AFFDCFA73011CA2CEA /* Other Sources */,
				2A37F4B8FDCFA73011CA2CEA /* Resources */,
				612813B310BD2C9400B18218 /* libs */,
				2A37F4C3FDCFA73011CA2CEA /* Frameworks */,
				19C28FB0FE9D524F11CA2CBB /* Products */,
			);
			name = NodeBox;
			sourceTree = "<group>";
		};
		2A37F4AFFDCFA73011CA2CEA /* Other Sources */ = {
			isa = PBXGroup;
			children = (
				2ABDB7671867D8160069EFC3 /* nodebox-app.py */,
				2ABDB7681867D8160069EFC3 /* main.m */,
				2ABDB7691867D8160069EFC3 /* NodeBox_Prefix.pch */,
				2ABDB7721867D9920069EFC3 /* nodebox */,
			);
			name = "Other Sources";
			sourceTree = "<group>";
		};
		2A37F4B8FDCFA73011CA2CEA /* Resources */ = {
			isa = PBXGroup;
			children = (
				611CC68510BAA0A600B55455 /* AskString.xib */,
				611CC67E10BAA08300B55455 /* MainMenu.xib */,
				611CC5A610BA919A00B55455 /* NodeBoxPreferences.xib */,
				611CC59E10BA908C00B55455 /* NodeBoxDocument.xib */,
				2AD0A9B5186E552700D1F6DE /* NodeBoxScript.xib */,
				611CC48110BA8B9E00B55455 /* Credits.rtf */,
				611CC48910BA8B9E00B55455 /* InfoPlist.strings */,
				611CC49310BA8B9E00B55455 /* NodeBox.icns */,
				611CC49410BA8B9E00B55455 /* NodeBoxFile.icns */,
				2A294482185E617900E9F650 /* NodeBox Help */,
				2ABDB76C1867D8210069EFC3 /* NodeBox-Info.plist */,
			);
			name = Resources;
			sourceTree = "<group>";
		};
		2A37F4C3FDCFA73011CA2CEA /* Frameworks */ = {
			isa = PBXGroup;
			children = (
				2A591FEF185C17D200D1833D /* Security.framework */,
				2ABBB2FD185402AC001C4E0A /* CoreMedia.framework */,
				2ABBB2FB18540246001C4E0A /* CoreVideo.framework */,
				2ABBB2F91854018B001C4E0A /* AVFoundation.framework */,
				2A827CC91859E9FE00A126BA /* Cocoa.framework */,
				1058C7A6FEA54F5311CA2CBB /* Linked Frameworks */,
				1058C7A8FEA54F5311CA2CBB /* Other Frameworks */,
			);
			name = Frameworks;
			sourceTree = "<group>";
		};
		2A4812E9188CF45800B47700 /* colors */ = {
			isa = PBXGroup;
			children = (
				2A4812EA188CF45800B47700 /* __init__.py */,
				2A4812F0188CF45800B47700 /* themes.py */,
				2A4812ED188CF45800B47700 /* context.json */,
				2A263148188E0D87000B792A /* default.themes */,
				2A4812EE188CF45800B47700 /* LICENSE.txt */,
			);
			path = colors;
			sourceTree = "<group>";
		};
		611CC4AE10BA8C1B00B55455 /* nodebox */ = {
			isa = PBXGroup;
			children = (
				611CC4AF10BA8C1B00B55455 /* __init__.py */,
				2A3DB1F5187E85130062635B /* script.py */,
				611CC4BA10BA8C1B00B55455 /* geo */,
				611CC4BD10BA8C1B00B55455 /* graphics */,
				611CC4C410BA8C1B00B55455 /* gui */,
				2A294457185E539400E9F650 /* run */,
				611CC4D610BA8C1B00B55455 /* util */,
			);
			path = nodebox;
			sourceTree = "<group>";
		};
		611CC4BA10BA8C1B00B55455 /* geo */ = {
			isa = PBXGroup;
			children = (
				611CC4BB10BA8C1B00B55455 /* __init__.py */,
				611CC4BC10BA8C1B00B55455 /* pathmatics.py */,
			);
			path = geo;
			sourceTree = "<group>";
		};
		611CC4BD10BA8C1B00B55455 /* graphics */ = {
			isa = PBXGroup;
			children = (
				2A4812E9188CF45800B47700 /* colors */,
				611CC4BE10BA8C1B00B55455 /* __init__.py */,
				611CC4C010BA8C1B00B55455 /* bezier.py */,
				2A29447C185E595000E9F650 /* context.py */,
				2A29447D185E595000E9F650 /* grobs.py */,
			);
			path = graphics;
			sourceTree = "<group>";
		};
		611CC4C410BA8C1B00B55455 /* gui */ = {
			isa = PBXGroup;
			children = (
				2A294464185E575F00E9F650 /* __init__.py */,
				2ABDB7751867EB520069EFC3 /* app.py */,
				2ABDB7761867EB520069EFC3 /* views.py */,
				2A294467185E575F00E9F650 /* document.py */,
				2A294468185E575F00E9F650 /* preferences.py */,
				2AE5AD291862366300CCDD45 /* editor.py */,
				2AE5AD2C1862386400CCDD45 /* widgets.py */,
			);
			path = gui;
			sourceTree = "<group>";
		};
		611CC4D610BA8C1B00B55455 /* util */ = {
			isa = PBXGroup;
			children = (
				611CC4D710BA8C1B00B55455 /* __init__.py */,
				611CC4D910BA8C1B00B55455 /* kgp.py */,
				611CC4DA10BA8C1B00B55455 /* ottobot.py */,
				611CC4DC10BA8C1B00B55455 /* PyFontify.py */,
				611CC4E010BA8C1B00B55455 /* vdiff.py */,
				2A4812E51884AF3100B47700 /* fsevents.py */,
			);
			path = util;
			sourceTree = "<group>";
		};
/* End PBXGroup section */

/* Begin PBXLegacyTarget section */
		61EF506110BC26D1006DEF6C /* Clean Extensions */ = {
			isa = PBXLegacyTarget;
			buildArgumentsString = "buildlibs.py clean";
			buildConfigurationList = 61EF506410BC26F9006DEF6C /* Build configuration list for PBXLegacyTarget "Clean Extensions" */;
			buildPhases = (
			);
			buildToolPath = python2.7;
			buildWorkingDirectory = libs;
			dependencies = (
			);
			name = "Clean Extensions";
			passBuildSettingsInEnvironment = 1;
			productName = "Clean Ext";
		};
		61FFC03810BAD90D009AF371 /* Build Extensions */ = {
			isa = PBXLegacyTarget;
			buildArgumentsString = buildlibs.py;
			buildConfigurationList = 61FFC03B10BAD915009AF371 /* Build configuration list for PBXLegacyTarget "Build Extensions" */;
			buildPhases = (
			);
			buildToolPath = python2.7;
			buildWorkingDirectory = libs;
			dependencies = (
			);
			name = "Build Extensions";
			passBuildSettingsInEnvironment = 1;
			productName = "Build Extensions";
		};
/* End PBXLegacyTarget section */

/* Begin PBXNativeTarget section */
		8D15AC270486D014006FF6A4 /* NodeBox */ = {
			isa = PBXNativeTarget;
			buildConfigurationList = C05733C708A9546B00998B17 /* Build configuration list for PBXNativeTarget "NodeBox" */;
			buildPhases = (
				8D15AC2B0486D014006FF6A4 /* Resources */,
				611CC53110BA8E0000B55455 /* Copy nodebox root */,
				611CC55010BA8E4900B55455 /* Copy nodebox.gui */,
				611CC59610BA901100B55455 /* Copy nodebox.util */,
				2A29445E185E54C200E9F650 /* Copy nodebox.run */,
				611CC59710BA901100B55455 /* Copy nodebox.graphics */,
				2A4812E8188CF43500B47700 /* Copy nodebox.graphics.colors */,
				611CC59810BA901100B55455 /* Copy nodebox.geo */,
				8D15AC300486D014006FF6A4 /* Sources */,
				8D15AC330486D014006FF6A4 /* Frameworks */,
				6156AAC410BC110E00C3CE99 /* Copy External Libraries */,
				2A591FF1185D38C800D1833D /* Stash examples in the app bundle */,
				2ABDB76F1867D9560069EFC3 /* Copy nodebox tool */,
			);
			buildRules = (
			);
			dependencies = (
				61EB1E3413E2C6E6002641C0 /* PBXTargetDependency */,
			);
			name = NodeBox;
			productInstallPath = "$(HOME)/Applications";
			productName = NodeBox;
			productReference = 8D15AC370486D014006FF6A4 /* NodeBox.app */;
			productType = "com.apple.product-type.application";
		};
/* End PBXNativeTarget section */

/* Begin PBXProject section */
		2A37F4A9FDCFA73011CA2CEA /* Project object */ = {
			isa = PBXProject;
			attributes = {
				LastUpgradeCheck = 0500;
			};
			buildConfigurationList = C05733CB08A9546B00998B17 /* Build configuration list for PBXProject "NodeBox" */;
			compatibilityVersion = "Xcode 3.2";
			developmentRegion = English;
			hasScannedForEncodings = 1;
			knownRegions = (
				en,
				Base,
				English,
			);
			mainGroup = 2A37F4AAFDCFA73011CA2CEA /* NodeBox */;
			projectDirPath = "";
			projectRoot = "";
			targets = (
				8D15AC270486D014006FF6A4 /* NodeBox */,
				61FFC03810BAD90D009AF371 /* Build Extensions */,
				61EF506110BC26D1006DEF6C /* Clean Extensions */,
				61DB841010BEABCF003F73B9 /* Build Distribution */,
			);
		};
/* End PBXProject section */

/* Begin PBXResourcesBuildPhase section */
		8D15AC2B0486D014006FF6A4 /* Resources */ = {
			isa = PBXResourcesBuildPhase;
			buildActionMask = 2147483647;
			files = (
				2ABDB76E1867D8BB0069EFC3 /* nodebox-app.py in Resources */,
				611CC49810BA8B9E00B55455 /* Credits.rtf in Resources */,
				611CC49C10BA8B9E00B55455 /* InfoPlist.strings in Resources */,
				611CC4A110BA8B9E00B55455 /* NodeBox.icns in Resources */,
				611CC4A210BA8B9E00B55455 /* NodeBoxFile.icns in Resources */,
				611CC5A010BA908C00B55455 /* NodeBoxDocument.xib in Resources */,
				611CC5A810BA919A00B55455 /* NodeBoxPreferences.xib in Resources */,
				2A294484185E617900E9F650 /* NodeBox Help in Resources */,
				611CC68010BAA08300B55455 /* MainMenu.xib in Resources */,
				611CC68710BAA0A600B55455 /* AskString.xib in Resources */,
				6155D9F413E2B79E00675A92 /* CHANGES.md in Resources */,
				6155D9F513E2B79E00675A92 /* README.md in Resources */,
			);
			runOnlyForDeploymentPostprocessing = 0;
		};
/* End PBXResourcesBuildPhase section */

/* Begin PBXShellScriptBuildPhase section */
		2A591FF1185D38C800D1833D /* Stash examples in the app bundle */ = {
			isa = PBXShellScriptBuildPhase;
			buildActionMask = 2147483647;
			files = (
			);
			inputPaths = (
			);
			name = "Stash examples in the app bundle";
			outputPaths = (
			);
			runOnlyForDeploymentPostprocessing = 0;
			shellPath = /bin/sh;
			shellScript = "ditto examples $TARGET_BUILD_DIR/$UNLOCALIZED_RESOURCES_FOLDER_PATH/examples\nchmod 644 $TARGET_BUILD_DIR/$UNLOCALIZED_RESOURCES_FOLDER_PATH/examples/*/*.py";
		};
		6156AAC410BC110E00C3CE99 /* Copy External Libraries */ = {
			isa = PBXShellScriptBuildPhase;
			buildActionMask = 2147483647;
			comments = "Copy all libraries built with the \"Build Extensions\" target to the NodeBox resources folder.";
			files = (
			);
			inputPaths = (
			);
			name = "Copy External Libraries";
			outputPaths = (
			);
			runOnlyForDeploymentPostprocessing = 0;
			shellPath = /bin/sh;
			shellScript = "EXT_DIR=\"$TARGET_BUILD_DIR/$UNLOCALIZED_RESOURCES_FOLDER_PATH/python/nodebox/ext\"\nmkdir -p $EXT_DIR\ncp -R -p build/libs/* $EXT_DIR\n";
		};
		61DB840F10BEABCF003F73B9 /* Make Dist */ = {
			isa = PBXShellScriptBuildPhase;
			buildActionMask = 2147483647;
			files = (
			);
			inputPaths = (
			);
			name = "Make Dist";
			outputPaths = (
			);
			runOnlyForDeploymentPostprocessing = 0;
			shellPath = /bin/sh;
			shellScript = "# Remove the distribution folder\nfind dist -name \\*.py -exec chflags nouchg '{}' \\;\nrm -rf dist\n# Make a new one\nmkdir -p dist/NodeBox/NodeBox\ncd dist/NodeBox/NodeBox\n# Copy the current NodeBox application.\ncp -R -p $TARGET_BUILD_DIR/NodeBox.app .\n# Copy changes and readme\ncp ../../../CHANGES.md Changes.txt\ncp ../../../README.md Readme.txt\n# Copy examples\ncp -R ../../../examples Examples\nchmod 644 Examples/*/*\nchflags uchg Examples/*/*.py\n# Remove all .svn cruft\nrm -rf `find . -type d -name .svn`\n# Make DMG\ncd ../..\nhdiutil create NodeBox.dmg -srcfolder NodeBox\nhdiutil internet-enable NodeBox.dmg";
		};
/* End PBXShellScriptBuildPhase section */

/* Begin PBXSourcesBuildPhase section */
		8D15AC300486D014006FF6A4 /* Sources */ = {
			isa = PBXSourcesBuildPhase;
			buildActionMask = 2147483647;
			files = (
				2ABDB76B1867D8160069EFC3 /* main.m in Sources */,
			);
			runOnlyForDeploymentPostprocessing = 0;
		};
/* End PBXSourcesBuildPhase section */

/* Begin PBXTargetDependency section */
		61DB841410BEABD4003F73B9 /* PBXTargetDependency */ = {
			isa = PBXTargetDependency;
			target = 8D15AC270486D014006FF6A4 /* NodeBox */;
			targetProxy = 61DB841310BEABD4003F73B9 /* PBXContainerItemProxy */;
		};
		61EB1E3413E2C6E6002641C0 /* PBXTargetDependency */ = {
			isa = PBXTargetDependency;
			target = 61FFC03810BAD90D009AF371 /* Build Extensions */;
			targetProxy = 61EB1E3313E2C6E6002641C0 /* PBXContainerItemProxy */;
		};
/* End PBXTargetDependency section */

/* Begin PBXVariantGroup section */
		2A294482185E617900E9F650 /* NodeBox Help */ = {
			isa = PBXVariantGroup;
			children = (
				2A294483185E617900E9F650 /* English */,
			);
			name = "NodeBox Help";
			sourceTree = "<group>";
		};
		2AD0A9B5186E552700D1F6DE /* NodeBoxScript.xib */ = {
			isa = PBXVariantGroup;
			children = (
				2AD0A9B6186E552700D1F6DE /* English */,
			);
			name = NodeBoxScript.xib;
			sourceTree = "<group>";
		};
		611CC48110BA8B9E00B55455 /* Credits.rtf */ = {
			isa = PBXVariantGroup;
			children = (
				611CC48210BA8B9E00B55455 /* English */,
			);
			name = Credits.rtf;
			path = Resources;
			sourceTree = "<group>";
		};
		611CC48910BA8B9E00B55455 /* InfoPlist.strings */ = {
			isa = PBXVariantGroup;
			children = (
				611CC48A10BA8B9E00B55455 /* English */,
			);
			name = InfoPlist.strings;
			path = Resources;
			sourceTree = "<group>";
		};
		611CC59E10BA908C00B55455 /* NodeBoxDocument.xib */ = {
			isa = PBXVariantGroup;
			children = (
				611CC59F10BA908C00B55455 /* English */,
			);
			name = NodeBoxDocument.xib;
			sourceTree = "<group>";
		};
		611CC5A610BA919A00B55455 /* NodeBoxPreferences.xib */ = {
			isa = PBXVariantGroup;
			children = (
				611CC5A710BA919A00B55455 /* English */,
			);
			name = NodeBoxPreferences.xib;
			sourceTree = "<group>";
		};
		611CC67E10BAA08300B55455 /* MainMenu.xib */ = {
			isa = PBXVariantGroup;
			children = (
				611CC67F10BAA08300B55455 /* English */,
			);
			name = MainMenu.xib;
			sourceTree = "<group>";
		};
		611CC68510BAA0A600B55455 /* AskString.xib */ = {
			isa = PBXVariantGroup;
			children = (
				611CC68610BAA0A600B55455 /* English */,
			);
			name = AskString.xib;
			sourceTree = "<group>";
		};
/* End PBXVariantGroup section */

/* Begin XCBuildConfiguration section */
		61DB841110BEABCF003F73B9 /* Debug */ = {
			isa = XCBuildConfiguration;
			buildSettings = {
				ARCHS = "$(ARCHS_STANDARD)";
				COMBINE_HIDPI_IMAGES = YES;
				ONLY_ACTIVE_ARCH = NO;
				PRODUCT_NAME = "Build Distribution";
			};
			name = Debug;
		};
		61DB841210BEABCF003F73B9 /* Release */ = {
			isa = XCBuildConfiguration;
			buildSettings = {
				ARCHS = "$(ARCHS_STANDARD)";
				COMBINE_HIDPI_IMAGES = YES;
				PRODUCT_NAME = "Build Distribution";
			};
			name = Release;
		};
		61EF506210BC26D1006DEF6C /* Debug */ = {
			isa = XCBuildConfiguration;
			buildSettings = {
				COMBINE_HIDPI_IMAGES = YES;
				ONLY_ACTIVE_ARCH = NO;
				PRODUCT_NAME = "NodeBox Clean";
			};
			name = Debug;
		};
		61EF506310BC26D1006DEF6C /* Release */ = {
			isa = XCBuildConfiguration;
			buildSettings = {
				COMBINE_HIDPI_IMAGES = YES;
				PRODUCT_NAME = "NodeBox Clean";
			};
			name = Release;
		};
		61FFC03910BAD90D009AF371 /* Debug */ = {
			isa = XCBuildConfiguration;
			buildSettings = {
				COMBINE_HIDPI_IMAGES = YES;
				ONLY_ACTIVE_ARCH = NO;
				PRODUCT_NAME = "NodeBox Build";
			};
			name = Debug;
		};
		61FFC03A10BAD90D009AF371 /* Release */ = {
			isa = XCBuildConfiguration;
			buildSettings = {
				COMBINE_HIDPI_IMAGES = YES;
				PRODUCT_NAME = "NodeBox Build";
			};
			name = Release;
		};
		C05733C808A9546B00998B17 /* Debug */ = {
			isa = XCBuildConfiguration;
			buildSettings = {
				ALWAYS_SEARCH_USER_PATHS = NO;
				ARCHS = "$(ARCHS_STANDARD)";
				COMBINE_HIDPI_IMAGES = YES;
				COPY_PHASE_STRIP = NO;
				GCC_DYNAMIC_NO_PIC = NO;
				GCC_MODEL_TUNING = G5;
				GCC_OPTIMIZATION_LEVEL = 0;
				GCC_PRECOMPILE_PREFIX_HEADER = YES;
				GCC_PREFIX_HEADER = boot/NodeBox_Prefix.pch;
				HEADER_SEARCH_PATHS = (
					"$(inherited)",
					/Applications/Xcode.app/Contents/Developer/Toolchains/XcodeDefault.xctoolchain/usr/include,
					/System/Library/Frameworks/Python.framework/Versions/2.7/include/python2.7,
				);
				INFOPLIST_FILE = "boot/NodeBox-Info.plist";
				INSTALL_PATH = /Applications;
				LIBRARY_SEARCH_PATHS = /System/Library/Frameworks/Python.framework/Versions/2.7/lib/python2.7/config;
				MACOSX_DEPLOYMENT_TARGET = 10.9;
				ONLY_ACTIVE_ARCH = NO;
				OTHER_LDFLAGS = "";
				PRODUCT_NAME = NodeBox;
			};
			name = Debug;
		};
		C05733C908A9546B00998B17 /* Release */ = {
			isa = XCBuildConfiguration;
			buildSettings = {
				ALWAYS_SEARCH_USER_PATHS = NO;
				ARCHS = "$(ARCHS_STANDARD)";
				COMBINE_HIDPI_IMAGES = YES;
				DEBUG_INFORMATION_FORMAT = "dwarf-with-dsym";
				GCC_MODEL_TUNING = G5;
				GCC_PRECOMPILE_PREFIX_HEADER = YES;
				GCC_PREFIX_HEADER = boot/NodeBox_Prefix.pch;
				HEADER_SEARCH_PATHS = (
					"$(inherited)",
					/Applications/Xcode.app/Contents/Developer/Toolchains/XcodeDefault.xctoolchain/usr/include,
					/System/Library/Frameworks/Python.framework/Versions/2.7/include/python2.7,
				);
				INFOPLIST_FILE = "boot/NodeBox-Info.plist";
				INSTALL_PATH = /Applications;
				LIBRARY_SEARCH_PATHS = /System/Library/Frameworks/Python.framework/Versions/2.7/lib/python2.7/config;
				MACOSX_DEPLOYMENT_TARGET = 10.9;
				OTHER_LDFLAGS = "";
				PRODUCT_NAME = NodeBox;
			};
			name = Release;
		};
		C05733CC08A9546B00998B17 /* Debug */ = {
			isa = XCBuildConfiguration;
			buildSettings = {
				MACOSX_DEPLOYMENT_TARGET = 10.9;
				ONLY_ACTIVE_ARCH = YES;
				PRODUCT_NAME = NodeBox;
			};
			name = Debug;
		};
		C05733CD08A9546B00998B17 /* Release */ = {
			isa = XCBuildConfiguration;
			buildSettings = {
				MACOSX_DEPLOYMENT_TARGET = 10.9;
				PRODUCT_NAME = NodeBox;
			};
			name = Release;
		};
/* End XCBuildConfiguration section */

/* Begin XCConfigurationList section */
		61DB842F10BEABDF003F73B9 /* Build configuration list for PBXAggregateTarget "Build Distribution" */ = {
			isa = XCConfigurationList;
			buildConfigurations = (
				61DB841110BEABCF003F73B9 /* Debug */,
				61DB841210BEABCF003F73B9 /* Release */,
			);
			defaultConfigurationIsVisible = 0;
			defaultConfigurationName = Release;
		};
		61EF506410BC26F9006DEF6C /* Build configuration list for PBXLegacyTarget "Clean Extensions" */ = {
			isa = XCConfigurationList;
			buildConfigurations = (
				61EF506210BC26D1006DEF6C /* Debug */,
				61EF506310BC26D1006DEF6C /* Release */,
			);
			defaultConfigurationIsVisible = 0;
			defaultConfigurationName = Release;
		};
		61FFC03B10BAD915009AF371 /* Build configuration list for PBXLegacyTarget "Build Extensions" */ = {
			isa = XCConfigurationList;
			buildConfigurations = (
				61FFC03910BAD90D009AF371 /* Debug */,
				61FFC03A10BAD90D009AF371 /* Release */,
			);
			defaultConfigurationIsVisible = 0;
			defaultConfigurationName = Release;
		};
		C05733C708A9546B00998B17 /* Build configuration list for PBXNativeTarget "NodeBox" */ = {
			isa = XCConfigurationList;
			buildConfigurations = (
				C05733C808A9546B00998B17 /* Debug */,
				C05733C908A9546B00998B17 /* Release */,
			);
			defaultConfigurationIsVisible = 0;
			defaultConfigurationName = Release;
		};
		C05733CB08A9546B00998B17 /* Build configuration list for PBXProject "NodeBox" */ = {
			isa = XCConfigurationList;
			buildConfigurations = (
				C05733CC08A9546B00998B17 /* Debug */,
				C05733CD08A9546B00998B17 /* Release */,
			);
			defaultConfigurationIsVisible = 0;
			defaultConfigurationName = Release;
		};
/* End XCConfigurationList section */
	};
	rootObject = 2A37F4A9FDCFA73011CA2CEA /* Project object */;
}
