// !$*UTF8*$!
{
	archiveVersion = 1;
	classes = {
	};
	objectVersion = 46;
	objects = {

/* Begin PBXBuildFile section */
		2A15C42D18A1FA14006BDFF0 /* WebKit.framework in Frameworks */ = {isa = PBXBuildFile; fileRef = 2A15C42C18A1FA14006BDFF0 /* WebKit.framework */; };
		2A15C45018A329BD006BDFF0 /* editor.html in Copy Editor Assets */ = {isa = PBXBuildFile; fileRef = 2A15C44418A329AE006BDFF0 /* editor.html */; };
		2A15C45218A329BD006BDFF0 /* themes.json in Copy Editor Assets */ = {isa = PBXBuildFile; fileRef = 2A15C44618A329AE006BDFF0 /* themes.json */; };
		2A15C45618A48770006BDFF0 /* autocomplete.css in Copy Editor Assets */ = {isa = PBXBuildFile; fileRef = 2A15C45418A48765006BDFF0 /* autocomplete.css */; };
		2A591FF0185C17D200D1833D /* Security.framework in Frameworks */ = {isa = PBXBuildFile; fileRef = 2A591FEF185C17D200D1833D /* Security.framework */; };
		2A66ECEB18A99328002903DE /* ace.js in Copy Editor Scripts */ = {isa = PBXBuildFile; fileRef = 2A66ECDE18A992BD002903DE /* ace.js */; };
		2A66ECEC18A99328002903DE /* editor.js in Copy Editor Scripts */ = {isa = PBXBuildFile; fileRef = 2A66ECDF18A992BD002903DE /* editor.js */; };
		2A66ECED18A99328002903DE /* jquery-2.1.0.js in Copy Editor Scripts */ = {isa = PBXBuildFile; fileRef = 2A66ECE018A992BD002903DE /* jquery-2.1.0.js */; };
		2A66ECEE18A99328002903DE /* keybindings.js in Copy Editor Scripts */ = {isa = PBXBuildFile; fileRef = 2A66ECE118A992BD002903DE /* keybindings.js */; };
		2A66ECEF18A99328002903DE /* underscore-1.5.2.min.js in Copy Editor Scripts */ = {isa = PBXBuildFile; fileRef = 2A66ECE218A992BD002903DE /* underscore-1.5.2.min.js */; };
		2A7AF5C818D2AFAA00F8FFC2 /* examples in Resources */ = {isa = PBXBuildFile; fileRef = 2A7AF5C718D2AFAA00F8FFC2 /* examples */; };
		2A93AE751903326E00C6144D /* placeholder.pdf in Resources */ = {isa = PBXBuildFile; fileRef = 2A93AE731903326E00C6144D /* placeholder.pdf */; };
		2AA40EBF184BF9CB00981ADC /* libpython2.7.dylib in Frameworks */ = {isa = PBXBuildFile; fileRef = 2AA40EBE184BF9CB00981ADC /* libpython2.7.dylib */; };
		2ABBB2FA1854018B001C4E0A /* AVFoundation.framework in Frameworks */ = {isa = PBXBuildFile; fileRef = 2ABBB2F91854018B001C4E0A /* AVFoundation.framework */; };
		2ABBB2FC18540246001C4E0A /* CoreVideo.framework in Frameworks */ = {isa = PBXBuildFile; fileRef = 2ABBB2FB18540246001C4E0A /* CoreVideo.framework */; };
		2ABBB2FE185402AC001C4E0A /* CoreMedia.framework in Frameworks */ = {isa = PBXBuildFile; fileRef = 2ABBB2FD185402AC001C4E0A /* CoreMedia.framework */; };
		2ABDB76B1867D8160069EFC3 /* main.m in Sources */ = {isa = PBXBuildFile; fileRef = 2ABDB7681867D8160069EFC3 /* main.m */; };
		2ABDB76E1867D8BB0069EFC3 /* plotdevice-app.py in Resources */ = {isa = PBXBuildFile; fileRef = 2ABDB7671867D8160069EFC3 /* plotdevice-app.py */; };
		2ABDB7741867D9970069EFC3 /* plotdevice in Copy 'plotdevice' Tool */ = {isa = PBXBuildFile; fileRef = 2ABDB7721867D9920069EFC3 /* plotdevice */; };
		611CC49810BA8B9E00B55455 /* Credits.rtf in Resources */ = {isa = PBXBuildFile; fileRef = 611CC48110BA8B9E00B55455 /* Credits.rtf */; };
		611CC49C10BA8B9E00B55455 /* InfoPlist.strings in Resources */ = {isa = PBXBuildFile; fileRef = 611CC48910BA8B9E00B55455 /* InfoPlist.strings */; };
		611CC4A110BA8B9E00B55455 /* PlotDevice.icns in Resources */ = {isa = PBXBuildFile; fileRef = 611CC49310BA8B9E00B55455 /* PlotDevice.icns */; };
		611CC4A210BA8B9E00B55455 /* PlotDeviceFile.icns in Resources */ = {isa = PBXBuildFile; fileRef = 611CC49410BA8B9E00B55455 /* PlotDeviceFile.icns */; };
		611CC5A010BA908C00B55455 /* PlotDeviceDocument.xib in Resources */ = {isa = PBXBuildFile; fileRef = 611CC59E10BA908C00B55455 /* PlotDeviceDocument.xib */; };
		611CC5A810BA919A00B55455 /* PlotDevicePreferences.xib in Resources */ = {isa = PBXBuildFile; fileRef = 611CC5A610BA919A00B55455 /* PlotDevicePreferences.xib */; };
		611CC68010BAA08300B55455 /* MainMenu.xib in Resources */ = {isa = PBXBuildFile; fileRef = 611CC67E10BAA08300B55455 /* MainMenu.xib */; };
		611CC68710BAA0A600B55455 /* AskString.xib in Resources */ = {isa = PBXBuildFile; fileRef = 611CC68510BAA0A600B55455 /* AskString.xib */; };
		6155D9F413E2B79E00675A92 /* CHANGES.md in Resources */ = {isa = PBXBuildFile; fileRef = 6155D9F213E2B79E00675A92 /* CHANGES.md */; };
		6155D9F513E2B79E00675A92 /* README.md in Resources */ = {isa = PBXBuildFile; fileRef = 6155D9F313E2B79E00675A92 /* README.md */; };
		8D15AC340486D014006FF6A4 /* Cocoa.framework in Frameworks */ = {isa = PBXBuildFile; fileRef = 1058C7A7FEA54F5311CA2CBB /* Cocoa.framework */; };
/* End PBXBuildFile section */

/* Begin PBXCopyFilesBuildPhase section */
		2A15C43718A20929006BDFF0 /* Copy Editor Assets */ = {
			isa = PBXCopyFilesBuildPhase;
			buildActionMask = 2147483647;
			dstPath = ui;
			dstSubfolderSpec = 7;
			files = (
				2A15C45018A329BD006BDFF0 /* editor.html in Copy Editor Assets */,
				2A15C45618A48770006BDFF0 /* autocomplete.css in Copy Editor Assets */,
				2A15C45218A329BD006BDFF0 /* themes.json in Copy Editor Assets */,
			);
			name = "Copy Editor Assets";
			runOnlyForDeploymentPostprocessing = 0;
		};
		2A66ECEA18A99303002903DE /* Copy Editor Scripts */ = {
			isa = PBXCopyFilesBuildPhase;
			buildActionMask = 2147483647;
			dstPath = ui/js;
			dstSubfolderSpec = 7;
			files = (
				2A66ECEB18A99328002903DE /* ace.js in Copy Editor Scripts */,
				2A66ECEC18A99328002903DE /* editor.js in Copy Editor Scripts */,
				2A66ECED18A99328002903DE /* jquery-2.1.0.js in Copy Editor Scripts */,
				2A66ECEE18A99328002903DE /* keybindings.js in Copy Editor Scripts */,
				2A66ECEF18A99328002903DE /* underscore-1.5.2.min.js in Copy Editor Scripts */,
			);
			name = "Copy Editor Scripts";
			runOnlyForDeploymentPostprocessing = 0;
		};
		2ABDB76F1867D9560069EFC3 /* Copy 'plotdevice' Tool */ = {
			isa = PBXCopyFilesBuildPhase;
			buildActionMask = 2147483647;
			dstPath = "";
			dstSubfolderSpec = 12;
			files = (
				2ABDB7741867D9970069EFC3 /* plotdevice in Copy 'plotdevice' Tool */,
			);
			name = "Copy 'plotdevice' Tool";
			runOnlyForDeploymentPostprocessing = 0;
		};
/* End PBXCopyFilesBuildPhase section */

/* Begin PBXFileReference section */
		1058C7A7FEA54F5311CA2CBB /* Cocoa.framework */ = {isa = PBXFileReference; lastKnownFileType = wrapper.framework; name = Cocoa.framework; path = /System/Library/Frameworks/Cocoa.framework; sourceTree = "<absolute>"; };
		13E42FBA07B3F13500E4EEF1 /* CoreData.framework */ = {isa = PBXFileReference; lastKnownFileType = wrapper.framework; name = CoreData.framework; path = /System/Library/Frameworks/CoreData.framework; sourceTree = "<absolute>"; };
		2A15C42C18A1FA14006BDFF0 /* WebKit.framework */ = {isa = PBXFileReference; lastKnownFileType = wrapper.framework; name = WebKit.framework; path = System/Library/Frameworks/WebKit.framework; sourceTree = SDKROOT; };
		2A15C44418A329AE006BDFF0 /* editor.html */ = {isa = PBXFileReference; fileEncoding = 4; lastKnownFileType = text.html; name = editor.html; path = Resources/ui/editor.html; sourceTree = "<group>"; };
		2A15C44618A329AE006BDFF0 /* themes.json */ = {isa = PBXFileReference; fileEncoding = 4; lastKnownFileType = text.json; name = themes.json; path = Resources/ui/themes.json; sourceTree = "<group>"; };
		2A15C45418A48765006BDFF0 /* autocomplete.css */ = {isa = PBXFileReference; fileEncoding = 4; lastKnownFileType = text.css; name = autocomplete.css; path = Resources/ui/autocomplete.css; sourceTree = "<group>"; };
		2A294458185E539400E9F650 /* __init__.py */ = {isa = PBXFileReference; fileEncoding = 4; lastKnownFileType = text.script.python; path = __init__.py; sourceTree = "<group>"; };
		2A29445A185E539400E9F650 /* console.py */ = {isa = PBXFileReference; fileEncoding = 4; lastKnownFileType = text.script.python; path = console.py; sourceTree = "<group>"; };
		2A294464185E575F00E9F650 /* __init__.py */ = {isa = PBXFileReference; fileEncoding = 4; lastKnownFileType = text.script.python; path = __init__.py; sourceTree = "<group>"; };
		2A294467185E575F00E9F650 /* document.py */ = {isa = PBXFileReference; fileEncoding = 4; lastKnownFileType = text.script.python; path = document.py; sourceTree = "<group>"; };
		2A294468185E575F00E9F650 /* preferences.py */ = {isa = PBXFileReference; fileEncoding = 4; lastKnownFileType = text.script.python; path = preferences.py; sourceTree = "<group>"; };
		2A32957218C59D0A00EEDD1C /* __init__.py */ = {isa = PBXFileReference; fileEncoding = 4; lastKnownFileType = text.script.python; path = __init__.py; sourceTree = "<group>"; };
		2A32957418C59D0A00EEDD1C /* fsevents.py */ = {isa = PBXFileReference; fileEncoding = 4; lastKnownFileType = text.script.python; path = fsevents.py; sourceTree = "<group>"; };
		2A32957518C59D0A00EEDD1C /* geometry.py */ = {isa = PBXFileReference; fileEncoding = 4; lastKnownFileType = text.script.python; path = geometry.py; sourceTree = "<group>"; };
		2A32957718C59D0A00EEDD1C /* io.py */ = {isa = PBXFileReference; fileEncoding = 4; lastKnownFileType = text.script.python; path = io.py; sourceTree = "<group>"; };
		2A32957918C59D0A00EEDD1C /* pathmatics.py */ = {isa = PBXFileReference; fileEncoding = 4; lastKnownFileType = text.script.python; path = pathmatics.py; sourceTree = "<group>"; };
		2A37F4C4FDCFA73011CA2CEA /* AppKit.framework */ = {isa = PBXFileReference; lastKnownFileType = wrapper.framework; name = AppKit.framework; path = /System/Library/Frameworks/AppKit.framework; sourceTree = "<absolute>"; };
		2A37F4C5FDCFA73011CA2CEA /* Foundation.framework */ = {isa = PBXFileReference; lastKnownFileType = wrapper.framework; name = Foundation.framework; path = /System/Library/Frameworks/Foundation.framework; sourceTree = "<absolute>"; };
		2A591FEF185C17D200D1833D /* Security.framework */ = {isa = PBXFileReference; lastKnownFileType = wrapper.framework; name = Security.framework; path = System/Library/Frameworks/Security.framework; sourceTree = SDKROOT; };
		2A64AB46195F4E78001E4E69 /* deps */ = {isa = PBXFileReference; lastKnownFileType = folder; name = deps; path = app/deps; sourceTree = "<group>"; };
		2A66ECDE18A992BD002903DE /* ace.js */ = {isa = PBXFileReference; lastKnownFileType = sourcecode.javascript; name = ace.js; path = Resources/ui/js/ace.js; sourceTree = "<group>"; };
		2A66ECDF18A992BD002903DE /* editor.js */ = {isa = PBXFileReference; lastKnownFileType = sourcecode.javascript; name = editor.js; path = Resources/ui/js/editor.js; sourceTree = "<group>"; };
		2A66ECE018A992BD002903DE /* jquery-2.1.0.js */ = {isa = PBXFileReference; lastKnownFileType = sourcecode.javascript; name = "jquery-2.1.0.js"; path = "Resources/ui/js/jquery-2.1.0.js"; sourceTree = "<group>"; };
		2A66ECE118A992BD002903DE /* keybindings.js */ = {isa = PBXFileReference; lastKnownFileType = sourcecode.javascript; name = keybindings.js; path = Resources/ui/js/keybindings.js; sourceTree = "<group>"; };
		2A66ECE218A992BD002903DE /* underscore-1.5.2.min.js */ = {isa = PBXFileReference; lastKnownFileType = sourcecode.javascript; name = "underscore-1.5.2.min.js"; path = "Resources/ui/js/underscore-1.5.2.min.js"; sourceTree = "<group>"; };
		2A7AF5C718D2AFAA00F8FFC2 /* examples */ = {isa = PBXFileReference; lastKnownFileType = folder; path = examples; sourceTree = "<group>"; };
		2A827CC91859E9FE00A126BA /* Cocoa.framework */ = {isa = PBXFileReference; lastKnownFileType = wrapper.framework; name = Cocoa.framework; path = System/Library/Frameworks/Cocoa.framework; sourceTree = SDKROOT; };
		2A93AE741903326E00C6144D /* English */ = {isa = PBXFileReference; lastKnownFileType = image.pdf; name = English; path = Resources/English.lproj/placeholder.pdf; sourceTree = "<group>"; };
		2AA40EBE184BF9CB00981ADC /* libpython2.7.dylib */ = {isa = PBXFileReference; lastKnownFileType = "compiled.mach-o.dylib"; name = libpython2.7.dylib; path = ../../../../../../usr/lib/libpython2.7.dylib; sourceTree = "<group>"; };
		2ABBB2F91854018B001C4E0A /* AVFoundation.framework */ = {isa = PBXFileReference; lastKnownFileType = wrapper.framework; name = AVFoundation.framework; path = System/Library/Frameworks/AVFoundation.framework; sourceTree = SDKROOT; };
		2ABBB2FB18540246001C4E0A /* CoreVideo.framework */ = {isa = PBXFileReference; lastKnownFileType = wrapper.framework; name = CoreVideo.framework; path = System/Library/Frameworks/CoreVideo.framework; sourceTree = SDKROOT; };
		2ABBB2FD185402AC001C4E0A /* CoreMedia.framework */ = {isa = PBXFileReference; lastKnownFileType = wrapper.framework; name = CoreMedia.framework; path = System/Library/Frameworks/CoreMedia.framework; sourceTree = SDKROOT; };
		2ABDB7671867D8160069EFC3 /* plotdevice-app.py */ = {isa = PBXFileReference; fileEncoding = 4; lastKnownFileType = text.script.python; name = "plotdevice-app.py"; path = "app/plotdevice-app.py"; sourceTree = "<group>"; };
		2ABDB7681867D8160069EFC3 /* main.m */ = {isa = PBXFileReference; fileEncoding = 4; lastKnownFileType = sourcecode.c.objc; name = main.m; path = app/main.m; sourceTree = "<group>"; };
		2ABDB7691867D8160069EFC3 /* PlotDevice_Prefix.pch */ = {isa = PBXFileReference; fileEncoding = 4; lastKnownFileType = sourcecode.c.h; name = PlotDevice_Prefix.pch; path = app/PlotDevice_Prefix.pch; sourceTree = "<group>"; };
		2ABDB76C1867D8210069EFC3 /* PlotDevice-Info.plist */ = {isa = PBXFileReference; fileEncoding = 4; lastKnownFileType = text.plist.xml; path = "PlotDevice-Info.plist"; sourceTree = "<group>"; };
		2ABDB7721867D9920069EFC3 /* plotdevice */ = {isa = PBXFileReference; fileEncoding = 4; lastKnownFileType = text; name = plotdevice; path = app/plotdevice; sourceTree = "<group>"; };
		2ABDB7751867EB520069EFC3 /* app.py */ = {isa = PBXFileReference; fileEncoding = 4; lastKnownFileType = text.script.python; path = app.py; sourceTree = "<group>"; };
		2ABDB7761867EB520069EFC3 /* views.py */ = {isa = PBXFileReference; fileEncoding = 4; lastKnownFileType = text.script.python; path = views.py; sourceTree = "<group>"; };
		2AC07CB618EF8E7D00B75879 /* __init__.py */ = {isa = PBXFileReference; fileEncoding = 4; lastKnownFileType = text.script.python; path = __init__.py; sourceTree = "<group>"; };
		2AC07CB818EF8E7D00B75879 /* bezier.py */ = {isa = PBXFileReference; fileEncoding = 4; lastKnownFileType = text.script.python; path = bezier.py; sourceTree = "<group>"; };
		2AC07CBA18EF8E7D00B75879 /* colors.py */ = {isa = PBXFileReference; fileEncoding = 4; lastKnownFileType = text.script.python; path = colors.py; sourceTree = "<group>"; };
		2AC07CBD18EF8E7D00B75879 /* effects.py */ = {isa = PBXFileReference; fileEncoding = 4; lastKnownFileType = text.script.python; path = effects.py; sourceTree = "<group>"; };
		2AC07CC118EF8E7D00B75879 /* image.py */ = {isa = PBXFileReference; fileEncoding = 4; lastKnownFileType = text.script.python; path = image.py; sourceTree = "<group>"; };
		2AC07CC318EF8E7D00B75879 /* transform.py */ = {isa = PBXFileReference; fileEncoding = 4; lastKnownFileType = text.script.python; path = transform.py; sourceTree = "<group>"; };
		2AC07CC518EF8E7D00B75879 /* typography.py */ = {isa = PBXFileReference; fileEncoding = 4; lastKnownFileType = text.script.python; path = typography.py; sourceTree = "<group>"; };
		2AC07CD818EF8EC500B75879 /* context.py */ = {isa = PBXFileReference; fileEncoding = 4; lastKnownFileType = text.script.python; path = context.py; sourceTree = "<group>"; };
		2AC07CE218EF9B2400B75879 /* atoms.py */ = {isa = PBXFileReference; fileEncoding = 4; lastKnownFileType = text.script.python; path = atoms.py; sourceTree = "<group>"; };
		2AC5187F18636C9F007FB066 /* sandbox.py */ = {isa = PBXFileReference; fileEncoding = 4; lastKnownFileType = text.script.python; path = sandbox.py; sourceTree = "<group>"; };
		2AD0A9B6186E552700D1F6DE /* English */ = {isa = PBXFileReference; lastKnownFileType = file.xib; name = English; path = Resources/English.lproj/PlotDeviceScript.xib; sourceTree = "<group>"; };
		2AE5AD291862366300CCDD45 /* editor.py */ = {isa = PBXFileReference; fileEncoding = 4; lastKnownFileType = text.script.python; path = editor.py; sourceTree = "<group>"; };
		2AE5AD2C1862386400CCDD45 /* widgets.py */ = {isa = PBXFileReference; fileEncoding = 4; lastKnownFileType = text.script.python; path = widgets.py; sourceTree = "<group>"; };
		2AEE843A18B3285600CF91D4 /* foundry.py */ = {isa = PBXFileReference; fileEncoding = 4; lastKnownFileType = text.script.python; path = foundry.py; sourceTree = "<group>"; };
		2AEE843D18B5603900CF91D4 /* CoreText.framework */ = {isa = PBXFileReference; lastKnownFileType = wrapper.framework; name = CoreText.framework; path = System/Library/Frameworks/CoreText.framework; sourceTree = SDKROOT; };
		2AEE846318BEC25B00CF91D4 /* iglob.py */ = {isa = PBXFileReference; fileEncoding = 4; lastKnownFileType = text.script.python; path = iglob.py; sourceTree = "<group>"; };
		611CC48210BA8B9E00B55455 /* English */ = {isa = PBXFileReference; lastKnownFileType = text.rtf; name = English; path = English.lproj/Credits.rtf; sourceTree = "<group>"; };
		611CC48A10BA8B9E00B55455 /* English */ = {isa = PBXFileReference; fileEncoding = 4; lastKnownFileType = text.plist.strings; name = English; path = English.lproj/InfoPlist.strings; sourceTree = "<group>"; };
		611CC49310BA8B9E00B55455 /* PlotDevice.icns */ = {isa = PBXFileReference; lastKnownFileType = image.icns; name = PlotDevice.icns; path = Resources/PlotDevice.icns; sourceTree = "<group>"; };
		611CC49410BA8B9E00B55455 /* PlotDeviceFile.icns */ = {isa = PBXFileReference; lastKnownFileType = image.icns; name = PlotDeviceFile.icns; path = Resources/PlotDeviceFile.icns; sourceTree = "<group>"; };
		611CC4AF10BA8C1B00B55455 /* __init__.py */ = {isa = PBXFileReference; fileEncoding = 4; lastKnownFileType = text.script.python; path = __init__.py; sourceTree = "<group>"; };
		611CC4BB10BA8C1B00B55455 /* __init__.py */ = {isa = PBXFileReference; fileEncoding = 4; lastKnownFileType = text.script.python; path = __init__.py; sourceTree = "<group>"; };
		611CC4BC10BA8C1B00B55455 /* pathmatics.py */ = {isa = PBXFileReference; fileEncoding = 4; lastKnownFileType = text.script.python; path = pathmatics.py; sourceTree = "<group>"; };
		611CC4D710BA8C1B00B55455 /* __init__.py */ = {isa = PBXFileReference; fileEncoding = 4; lastKnownFileType = text.script.python; path = __init__.py; sourceTree = "<group>"; };
		611CC4D910BA8C1B00B55455 /* kgp.py */ = {isa = PBXFileReference; fileEncoding = 4; lastKnownFileType = text.script.python; path = kgp.py; sourceTree = "<group>"; };
		611CC4DA10BA8C1B00B55455 /* ottobot.py */ = {isa = PBXFileReference; fileEncoding = 4; lastKnownFileType = text.script.python; path = ottobot.py; sourceTree = "<group>"; };
		611CC59F10BA908C00B55455 /* English */ = {isa = PBXFileReference; lastKnownFileType = file.xib; name = English; path = Resources/English.lproj/PlotDeviceDocument.xib; sourceTree = "<group>"; };
		611CC5A710BA919A00B55455 /* English */ = {isa = PBXFileReference; lastKnownFileType = file.xib; name = English; path = Resources/English.lproj/PlotDevicePreferences.xib; sourceTree = "<group>"; };
		611CC67F10BAA08300B55455 /* English */ = {isa = PBXFileReference; lastKnownFileType = file.xib; name = English; path = Resources/English.lproj/MainMenu.xib; sourceTree = "<group>"; };
		611CC68610BAA0A600B55455 /* English */ = {isa = PBXFileReference; lastKnownFileType = file.xib; name = English; path = Resources/English.lproj/AskString.xib; sourceTree = "<group>"; };
		6155D9F213E2B79E00675A92 /* CHANGES.md */ = {isa = PBXFileReference; fileEncoding = 4; lastKnownFileType = text; path = CHANGES.md; sourceTree = "<group>"; };
		6155D9F313E2B79E00675A92 /* README.md */ = {isa = PBXFileReference; fileEncoding = 4; lastKnownFileType = text; path = README.md; sourceTree = "<group>"; };
		8D15AC370486D014006FF6A4 /* PlotDevice.app */ = {isa = PBXFileReference; explicitFileType = wrapper.application; includeInIndex = 0; path = PlotDevice.app; sourceTree = BUILT_PRODUCTS_DIR; };
/* End PBXFileReference section */

/* Begin PBXFrameworksBuildPhase section */
		8D15AC330486D014006FF6A4 /* Frameworks */ = {
			isa = PBXFrameworksBuildPhase;
			buildActionMask = 2147483647;
			files = (
				2AA40EBF184BF9CB00981ADC /* libpython2.7.dylib in Frameworks */,
				2ABBB2FC18540246001C4E0A /* CoreVideo.framework in Frameworks */,
				2ABBB2FE185402AC001C4E0A /* CoreMedia.framework in Frameworks */,
				2ABBB2FA1854018B001C4E0A /* AVFoundation.framework in Frameworks */,
				2A15C42D18A1FA14006BDFF0 /* WebKit.framework in Frameworks */,
				2A591FF0185C17D200D1833D /* Security.framework in Frameworks */,
				8D15AC340486D014006FF6A4 /* Cocoa.framework in Frameworks */,
			);
			runOnlyForDeploymentPostprocessing = 0;
		};
/* End PBXFrameworksBuildPhase section */

/* Begin PBXGroup section */
		1058C7A6FEA54F5311CA2CBB /* Linked Frameworks */ = {
			isa = PBXGroup;
			children = (
				2AA40EBE184BF9CB00981ADC /* libpython2.7.dylib */,
				1058C7A7FEA54F5311CA2CBB /* Cocoa.framework */,
			);
			name = "Linked Frameworks";
			sourceTree = "<group>";
		};
		1058C7A8FEA54F5311CA2CBB /* Other Frameworks */ = {
			isa = PBXGroup;
			children = (
				2A37F4C4FDCFA73011CA2CEA /* AppKit.framework */,
				13E42FBA07B3F13500E4EEF1 /* CoreData.framework */,
				2A37F4C5FDCFA73011CA2CEA /* Foundation.framework */,
			);
			name = "Other Frameworks";
			sourceTree = "<group>";
		};
		19C28FB0FE9D524F11CA2CBB /* Products */ = {
			isa = PBXGroup;
			children = (
				8D15AC370486D014006FF6A4 /* PlotDevice.app */,
			);
			name = Products;
			sourceTree = "<group>";
		};
		2A15C44018A20971006BDFF0 /* ui */ = {
			isa = PBXGroup;
			children = (
				2A66ECE918A992CD002903DE /* js */,
				2A15C44418A329AE006BDFF0 /* editor.html */,
				2A15C45418A48765006BDFF0 /* autocomplete.css */,
				2A15C44618A329AE006BDFF0 /* themes.json */,
			);
			name = ui;
			sourceTree = "<group>";
		};
		2A294457185E539400E9F650 /* run */ = {
			isa = PBXGroup;
			children = (
				2A294458185E539400E9F650 /* __init__.py */,
				2AC5187F18636C9F007FB066 /* sandbox.py */,
				2A29445A185E539400E9F650 /* console.py */,
			);
			path = run;
			sourceTree = "<group>";
		};
		2A32957118C59D0A00EEDD1C /* lib */ = {
			isa = PBXGroup;
			children = (
				2A32957218C59D0A00EEDD1C /* __init__.py */,
				2A32957418C59D0A00EEDD1C /* fsevents.py */,
				2A32957518C59D0A00EEDD1C /* geometry.py */,
				2A32957718C59D0A00EEDD1C /* io.py */,
				2A32957918C59D0A00EEDD1C /* pathmatics.py */,
			);
			path = lib;
			sourceTree = "<group>";
		};
		2A37F4AAFDCFA73011CA2CEA /* PlotDevice */ = {
			isa = PBXGroup;
			children = (
				6155D9F213E2B79E00675A92 /* CHANGES.md */,
				6155D9F313E2B79E00675A92 /* README.md */,
				611CC4AE10BA8C1B00B55455 /* plotdevice */,
				2A37F4AFFDCFA73011CA2CEA /* Other Sources */,
				2A37F4B8FDCFA73011CA2CEA /* Resources */,
				2A7AF5C718D2AFAA00F8FFC2 /* examples */,
				2A64AB46195F4E78001E4E69 /* deps */,
				2A37F4C3FDCFA73011CA2CEA /* Frameworks */,
				19C28FB0FE9D524F11CA2CBB /* Products */,
			);
			name = PlotDevice;
			sourceTree = "<group>";
		};
		2A37F4AFFDCFA73011CA2CEA /* Other Sources */ = {
			isa = PBXGroup;
			children = (
				2ABDB7671867D8160069EFC3 /* plotdevice-app.py */,
				2ABDB7681867D8160069EFC3 /* main.m */,
				2ABDB7691867D8160069EFC3 /* PlotDevice_Prefix.pch */,
				2ABDB7721867D9920069EFC3 /* plotdevice */,
			);
			name = "Other Sources";
			sourceTree = "<group>";
		};
		2A37F4B8FDCFA73011CA2CEA /* Resources */ = {
			isa = PBXGroup;
			children = (
				2A15C44018A20971006BDFF0 /* ui */,
				611CC68510BAA0A600B55455 /* AskString.xib */,
				611CC67E10BAA08300B55455 /* MainMenu.xib */,
				611CC5A610BA919A00B55455 /* PlotDevicePreferences.xib */,
				611CC59E10BA908C00B55455 /* PlotDeviceDocument.xib */,
				2AD0A9B5186E552700D1F6DE /* PlotDeviceScript.xib */,
				611CC48110BA8B9E00B55455 /* Credits.rtf */,
				611CC48910BA8B9E00B55455 /* InfoPlist.strings */,
				611CC49310BA8B9E00B55455 /* PlotDevice.icns */,
				611CC49410BA8B9E00B55455 /* PlotDeviceFile.icns */,
				2A93AE731903326E00C6144D /* placeholder.pdf */,
				2ABDB76C1867D8210069EFC3 /* PlotDevice-Info.plist */,
			);
			name = Resources;
			path = app;
			sourceTree = "<group>";
		};
		2A37F4C3FDCFA73011CA2CEA /* Frameworks */ = {
			isa = PBXGroup;
			children = (
				2AEE843D18B5603900CF91D4 /* CoreText.framework */,
				2A15C42C18A1FA14006BDFF0 /* WebKit.framework */,
				2A591FEF185C17D200D1833D /* Security.framework */,
				2ABBB2FD185402AC001C4E0A /* CoreMedia.framework */,
				2ABBB2FB18540246001C4E0A /* CoreVideo.framework */,
				2ABBB2F91854018B001C4E0A /* AVFoundation.framework */,
				2A827CC91859E9FE00A126BA /* Cocoa.framework */,
				1058C7A6FEA54F5311CA2CBB /* Linked Frameworks */,
				1058C7A8FEA54F5311CA2CBB /* Other Frameworks */,
			);
			name = Frameworks;
			sourceTree = "<group>";
		};
		2A66ECE918A992CD002903DE /* js */ = {
			isa = PBXGroup;
			children = (
				2A66ECDE18A992BD002903DE /* ace.js */,
				2A66ECDF18A992BD002903DE /* editor.js */,
				2A66ECE018A992BD002903DE /* jquery-2.1.0.js */,
				2A66ECE118A992BD002903DE /* keybindings.js */,
				2A66ECE218A992BD002903DE /* underscore-1.5.2.min.js */,
			);
			name = js;
			sourceTree = "<group>";
		};
		2AC07CB518EF8E7D00B75879 /* gfx */ = {
			isa = PBXGroup;
			children = (
				2AC07CB618EF8E7D00B75879 /* __init__.py */,
				2AC07CE218EF9B2400B75879 /* atoms.py */,
				2AC07CB818EF8E7D00B75879 /* bezier.py */,
				2AC07CBA18EF8E7D00B75879 /* colors.py */,
				2AC07CBD18EF8E7D00B75879 /* effects.py */,
				2AC07CC118EF8E7D00B75879 /* image.py */,
				2AC07CC318EF8E7D00B75879 /* transform.py */,
				2AC07CC518EF8E7D00B75879 /* typography.py */,
			);
			path = gfx;
			sourceTree = "<group>";
		};
		611CC4AE10BA8C1B00B55455 /* plotdevice */ = {
			isa = PBXGroup;
			children = (
				611CC4AF10BA8C1B00B55455 /* __init__.py */,
				2AC07CD818EF8EC500B75879 /* context.py */,
				2AC07CB518EF8E7D00B75879 /* gfx */,
				2A32957118C59D0A00EEDD1C /* lib */,
				611CC4BA10BA8C1B00B55455 /* geo */,
				611CC4C410BA8C1B00B55455 /* gui */,
				2A294457185E539400E9F650 /* run */,
				611CC4D610BA8C1B00B55455 /* util */,
			);
			path = plotdevice;
			sourceTree = "<group>";
		};
		611CC4BA10BA8C1B00B55455 /* geo */ = {
			isa = PBXGroup;
			children = (
				611CC4BB10BA8C1B00B55455 /* __init__.py */,
				611CC4BC10BA8C1B00B55455 /* pathmatics.py */,
			);
			path = geo;
			sourceTree = "<group>";
		};
		611CC4C410BA8C1B00B55455 /* gui */ = {
			isa = PBXGroup;
			children = (
				2A294464185E575F00E9F650 /* __init__.py */,
				2ABDB7751867EB520069EFC3 /* app.py */,
				2ABDB7761867EB520069EFC3 /* views.py */,
				2A294467185E575F00E9F650 /* document.py */,
				2A294468185E575F00E9F650 /* preferences.py */,
				2AE5AD291862366300CCDD45 /* editor.py */,
				2AE5AD2C1862386400CCDD45 /* widgets.py */,
			);
			path = gui;
			sourceTree = "<group>";
		};
		611CC4D610BA8C1B00B55455 /* util */ = {
			isa = PBXGroup;
			children = (
				611CC4D710BA8C1B00B55455 /* __init__.py */,
				2AEE846318BEC25B00CF91D4 /* iglob.py */,
				2AEE843A18B3285600CF91D4 /* foundry.py */,
				611CC4D910BA8C1B00B55455 /* kgp.py */,
				611CC4DA10BA8C1B00B55455 /* ottobot.py */,
			);
			path = util;
			sourceTree = "<group>";
		};
/* End PBXGroup section */

/* Begin PBXNativeTarget section */
		8D15AC270486D014006FF6A4 /* PlotDevice */ = {
			isa = PBXNativeTarget;
			buildConfigurationList = C05733C708A9546B00998B17 /* Build configuration list for PBXNativeTarget "PlotDevice" */;
			buildPhases = (
				8D15AC2B0486D014006FF6A4 /* Resources */,
				2A15C43718A20929006BDFF0 /* Copy Editor Assets */,
				2A66ECEA18A99303002903DE /* Copy Editor Scripts */,
				2A758E411957B7CE003ECF9D /* Copy PlotDevice Module */,
				2ABDB76F1867D9560069EFC3 /* Copy 'plotdevice' Tool */,
				2AF8981419953CA1005A49A5 /* Manually Update Examples */,
				8D15AC300486D014006FF6A4 /* Sources */,
				8D15AC330486D014006FF6A4 /* Frameworks */,
			);
			buildRules = (
			);
			dependencies = (
			);
			name = PlotDevice;
			productInstallPath = "$(HOME)/Applications";
			productName = PlotDevice;
			productReference = 8D15AC370486D014006FF6A4 /* PlotDevice.app */;
			productType = "com.apple.product-type.application";
		};
/* End PBXNativeTarget section */

/* Begin PBXProject section */
		2A37F4A9FDCFA73011CA2CEA /* Project object */ = {
			isa = PBXProject;
			attributes = {
				LastUpgradeCheck = 0510;
			};
			buildConfigurationList = C05733CB08A9546B00998B17 /* Build configuration list for PBXProject "PlotDevice" */;
			compatibilityVersion = "Xcode 3.2";
			developmentRegion = English;
			hasScannedForEncodings = 1;
			knownRegions = (
				en,
				Base,
				English,
			);
			mainGroup = 2A37F4AAFDCFA73011CA2CEA /* PlotDevice */;
			projectDirPath = "";
			projectRoot = "";
			targets = (
				8D15AC270486D014006FF6A4 /* PlotDevice */,
			);
		};
/* End PBXProject section */

/* Begin PBXResourcesBuildPhase section */
		8D15AC2B0486D014006FF6A4 /* Resources */ = {
			isa = PBXResourcesBuildPhase;
			buildActionMask = 2147483647;
			files = (
				2ABDB76E1867D8BB0069EFC3 /* plotdevice-app.py in Resources */,
				611CC49810BA8B9E00B55455 /* Credits.rtf in Resources */,
				611CC49C10BA8B9E00B55455 /* InfoPlist.strings in Resources */,
				611CC4A110BA8B9E00B55455 /* PlotDevice.icns in Resources */,
				2A93AE751903326E00C6144D /* placeholder.pdf in Resources */,
				611CC4A210BA8B9E00B55455 /* PlotDeviceFile.icns in Resources */,
				611CC5A010BA908C00B55455 /* PlotDeviceDocument.xib in Resources */,
				611CC5A810BA919A00B55455 /* PlotDevicePreferences.xib in Resources */,
				611CC68010BAA08300B55455 /* MainMenu.xib in Resources */,
				611CC68710BAA0A600B55455 /* AskString.xib in Resources */,
				2A7AF5C818D2AFAA00F8FFC2 /* examples in Resources */,
				6155D9F413E2B79E00675A92 /* CHANGES.md in Resources */,
				6155D9F513E2B79E00675A92 /* README.md in Resources */,
			);
			runOnlyForDeploymentPostprocessing = 0;
		};
/* End PBXResourcesBuildPhase section */

/* Begin PBXShellScriptBuildPhase section */
		2A758E411957B7CE003ECF9D /* Copy PlotDevice Module */ = {
			isa = PBXShellScriptBuildPhase;
			buildActionMask = 2147483647;
			files = (
			);
			inputPaths = (
			);
			name = "Copy PlotDevice Module";
			outputPaths = (
			);
			runOnlyForDeploymentPostprocessing = 0;
			shellPath = /bin/sh;
			shellScript = "# let the setup script handle updating\n/usr/bin/python setup.py build\n\n# copy the up-to-date module contents into the app bundle\nEXT_DIR=\"$TARGET_BUILD_DIR/$UNLOCALIZED_RESOURCES_FOLDER_PATH/python/\"\nmkdir -p $EXT_DIR\nditto build/lib/plotdevice \"$EXT_DIR/plotdevice\"\n\n# make sure everything has a .pyc (so code-signing doesn't break on first run)\n/usr/bin/python -m compileall \"$EXT_DIR/plotdevice\"";
		};
		2AF8981419953CA1005A49A5 /* Manually Update Examples */ = {
			isa = PBXShellScriptBuildPhase;
			buildActionMask = 2147483647;
			files = (
			);
			inputPaths = (
			);
			name = "Manually Update Examples";
			outputPaths = (
			);
			runOnlyForDeploymentPostprocessing = 0;
			shellPath = /bin/sh;
			shellScript = "examples=\"$CONFIGURATION_BUILD_DIR/$UNLOCALIZED_RESOURCES_FOLDER_PATH/examples\"\nditto Examples $examples";
		};
/* End PBXShellScriptBuildPhase section */

/* Begin PBXSourcesBuildPhase section */
		8D15AC300486D014006FF6A4 /* Sources */ = {
			isa = PBXSourcesBuildPhase;
			buildActionMask = 2147483647;
			files = (
				2ABDB76B1867D8160069EFC3 /* main.m in Sources */,
			);
			runOnlyForDeploymentPostprocessing = 0;
		};
/* End PBXSourcesBuildPhase section */

/* Begin PBXVariantGroup section */
		2A93AE731903326E00C6144D /* placeholder.pdf */ = {
			isa = PBXVariantGroup;
			children = (
				2A93AE741903326E00C6144D /* English */,
			);
			name = placeholder.pdf;
			sourceTree = "<group>";
		};
		2AD0A9B5186E552700D1F6DE /* PlotDeviceScript.xib */ = {
			isa = PBXVariantGroup;
			children = (
				2AD0A9B6186E552700D1F6DE /* English */,
			);
			name = PlotDeviceScript.xib;
			sourceTree = "<group>";
		};
		611CC48110BA8B9E00B55455 /* Credits.rtf */ = {
			isa = PBXVariantGroup;
			children = (
				611CC48210BA8B9E00B55455 /* English */,
			);
			name = Credits.rtf;
			path = Resources;
			sourceTree = "<group>";
		};
		611CC48910BA8B9E00B55455 /* InfoPlist.strings */ = {
			isa = PBXVariantGroup;
			children = (
				611CC48A10BA8B9E00B55455 /* English */,
			);
			name = InfoPlist.strings;
			path = Resources;
			sourceTree = "<group>";
		};
		611CC59E10BA908C00B55455 /* PlotDeviceDocument.xib */ = {
			isa = PBXVariantGroup;
			children = (
				611CC59F10BA908C00B55455 /* English */,
			);
			name = PlotDeviceDocument.xib;
			sourceTree = "<group>";
		};
		611CC5A610BA919A00B55455 /* PlotDevicePreferences.xib */ = {
			isa = PBXVariantGroup;
			children = (
				611CC5A710BA919A00B55455 /* English */,
			);
			name = PlotDevicePreferences.xib;
			sourceTree = "<group>";
		};
		611CC67E10BAA08300B55455 /* MainMenu.xib */ = {
			isa = PBXVariantGroup;
			children = (
				611CC67F10BAA08300B55455 /* English */,
			);
			name = MainMenu.xib;
			sourceTree = "<group>";
		};
		611CC68510BAA0A600B55455 /* AskString.xib */ = {
			isa = PBXVariantGroup;
			children = (
				611CC68610BAA0A600B55455 /* English */,
			);
			name = AskString.xib;
			sourceTree = "<group>";
		};
/* End PBXVariantGroup section */

/* Begin XCBuildConfiguration section */
		C05733C808A9546B00998B17 /* Debug */ = {
			isa = XCBuildConfiguration;
			buildSettings = {
				ALWAYS_SEARCH_USER_PATHS = NO;
				COMBINE_HIDPI_IMAGES = YES;
				CONFIGURATION_BUILD_DIR = "$(BUILD_DIR)";
				COPY_PHASE_STRIP = NO;
				GCC_DYNAMIC_NO_PIC = NO;
				GCC_MODEL_TUNING = G5;
				GCC_OPTIMIZATION_LEVEL = 0;
				GCC_PRECOMPILE_PREFIX_HEADER = YES;
				GCC_PREFIX_HEADER = app/PlotDevice_Prefix.pch;
				HEADER_SEARCH_PATHS = (
					"$(inherited)",
					/Applications/Xcode.app/Contents/Developer/Toolchains/XcodeDefault.xctoolchain/usr/include,
					/System/Library/Frameworks/Python.framework/Versions/2.7/include/python2.7,
				);
				INFOPLIST_FILE = "app/PlotDevice-Info.plist";
				INSTALL_PATH = /Applications;
				LIBRARY_SEARCH_PATHS = /System/Library/Frameworks/Python.framework/Versions/2.7/lib/python2.7/config;
				MACOSX_DEPLOYMENT_TARGET = 10.9;
				ONLY_ACTIVE_ARCH = NO;
				OTHER_LDFLAGS = "";
				PRODUCT_NAME = PlotDevice;
				SDKROOT = macosx;
			};
			name = Debug;
		};
		C05733C908A9546B00998B17 /* Release */ = {
			isa = XCBuildConfiguration;
			buildSettings = {
				ALWAYS_SEARCH_USER_PATHS = NO;
				COMBINE_HIDPI_IMAGES = YES;
				CONFIGURATION_BUILD_DIR = dist;
				DEBUG_INFORMATION_FORMAT = "dwarf-with-dsym";
				GCC_MODEL_TUNING = G5;
				GCC_PRECOMPILE_PREFIX_HEADER = YES;
				GCC_PREFIX_HEADER = app/PlotDevice_Prefix.pch;
				HEADER_SEARCH_PATHS = (
					"$(inherited)",
					/Applications/Xcode.app/Contents/Developer/Toolchains/XcodeDefault.xctoolchain/usr/include,
					/System/Library/Frameworks/Python.framework/Versions/2.7/include/python2.7,
				);
				INFOPLIST_FILE = "app/PlotDevice-Info.plist";
				INSTALL_PATH = /Applications;
				LIBRARY_SEARCH_PATHS = /System/Library/Frameworks/Python.framework/Versions/2.7/lib/python2.7/config;
				MACOSX_DEPLOYMENT_TARGET = 10.9;
				OTHER_LDFLAGS = "";
				PRODUCT_NAME = PlotDevice;
				SDKROOT = macosx;
			};
			name = Release;
		};
		C05733CC08A9546B00998B17 /* Debug */ = {
			isa = XCBuildConfiguration;
			buildSettings = {
				MACOSX_DEPLOYMENT_TARGET = 10.9;
				ONLY_ACTIVE_ARCH = YES;
				PRODUCT_NAME = PlotDevice;
			};
			name = Debug;
		};
		C05733CD08A9546B00998B17 /* Release */ = {
			isa = XCBuildConfiguration;
			buildSettings = {
				MACOSX_DEPLOYMENT_TARGET = 10.9;
				PRODUCT_NAME = PlotDevice;
			};
			name = Release;
		};
/* End XCBuildConfiguration section */

/* Begin XCConfigurationList section */
		C05733C708A9546B00998B17 /* Build configuration list for PBXNativeTarget "PlotDevice" */ = {
			isa = XCConfigurationList;
			buildConfigurations = (
				C05733C808A9546B00998B17 /* Debug */,
				C05733C908A9546B00998B17 /* Release */,
			);
			defaultConfigurationIsVisible = 0;
			defaultConfigurationName = Release;
		};
		C05733CB08A9546B00998B17 /* Build configuration list for PBXProject "PlotDevice" */ = {
			isa = XCConfigurationList;
			buildConfigurations = (
				C05733CC08A9546B00998B17 /* Debug */,
				C05733CD08A9546B00998B17 /* Release */,
			);
			defaultConfigurationIsVisible = 0;
			defaultConfigurationName = Release;
		};
/* End XCConfigurationList section */
	};
	rootObject = 2A37F4A9FDCFA73011CA2CEA /* Project object */;
}
